<?xml version="1.0" encoding="utf-8"?>
<Project ToolsVersion="4.0" xmlns="http://schemas.microsoft.com/developer/msbuild/2003">
  <ItemGroup>
    <Filter Include="Source Files">
      <UniqueIdentifier>{4FC737F1-C7A5-4376-A066-2A32D752A2FF}</UniqueIdentifier>
      <Extensions>cpp;c;cc;cxx;def;odl;idl;hpj;bat;asm;asmx</Extensions>
    </Filter>
    <Filter Include="Header Files">
      <UniqueIdentifier>{93995380-89BD-4b04-88EB-625FBE52EBFB}</UniqueIdentifier>
      <Extensions>h;hpp;hxx;hm;inl;inc;xsd</Extensions>
    </Filter>
    <Filter Include="Resource Files">
      <UniqueIdentifier>{67DA6AB6-F800-4c08-8B7A-83BB121AAD01}</UniqueIdentifier>
      <Extensions>rc;ico;cur;bmp;dlg;rc2;rct;bin;rgs;gif;jpg;jpeg;jpe;resx;tiff;tif;png;wav</Extensions>
    </Filter>
    <Filter Include="Source Files\ParticleSystem">
      <UniqueIdentifier>{1a948a0a-748f-41f8-a413-d87ddfa54801}</UniqueIdentifier>
    </Filter>
    <Filter Include="Source Files\Emitters">
      <UniqueIdentifier>{ceb76f5b-1756-455f-9cb7-36e532a3324c}</UniqueIdentifier>
    </Filter>
    <Filter Include="Source Files\Modifiers">
      <UniqueIdentifier>{3652a54f-d8ee-4a0b-a0f9-cc50dfa0ebd7}</UniqueIdentifier>
    </Filter>
    <Filter Include="Source Files\Misc">
      <UniqueIdentifier>{08ecf6a2-f8ff-40a9-9bac-d5d8569562bc}</UniqueIdentifier>
    </Filter>
  </ItemGroup>
  <ItemGroup>
    <ClCompile Include="..\src\Emitter.cpp">
      <Filter>Source Files\Emitters</Filter>
    </ClCompile>
    <ClCompile Include="..\src\Particle.cpp">
      <Filter>Source Files\ParticleSystem</Filter>
    </ClCompile>
    <ClCompile Include="..\src\ParticleSystem.cpp">
      <Filter>Source Files\ParticleSystem</Filter>
    </ClCompile>
    <ClCompile Include="..\src\ParticleTestApp.cpp">
      <Filter>Source Files</Filter>
    </ClCompile>
    <ClCompile Include="..\src\FluidModifier.cpp">
      <Filter>Source Files\Modifiers</Filter>
    </ClCompile>
  </ItemGroup>
  <ItemGroup>
    <ClInclude Include="..\include\Resources.h">
      <Filter>Header Files</Filter>
    </ClInclude>
    <ClInclude Include="..\src\AreaEmitter.h">
      <Filter>Source Files\Emitters</Filter>
    </ClInclude>
    <ClInclude Include="..\src\Emitter.h">
      <Filter>Source Files\Emitters</Filter>
    </ClInclude>
    <ClInclude Include="..\src\ImageEmitter.h">
      <Filter>Source Files\Emitters</Filter>
    </ClInclude>
    <ClInclude Include="..\src\Modifier.h">
      <Filter>Source Files\Modifiers</Filter>
    </ClInclude>
    <ClInclude Include="..\src\GravityModifier.h">
      <Filter>Source Files\Modifiers</Filter>
    </ClInclude>
    <ClInclude Include="..\src\CommonModifier.h">
      <Filter>Source Files\Modifiers</Filter>
    </ClInclude>
    <ClInclude Include="..\src\ColorModifier.h">
      <Filter>Source Files\Modifiers</Filter>
    </ClInclude>
    <ClInclude Include="..\src\PerlinModifier.h">
      <Filter>Source Files\Modifiers</Filter>
    </ClInclude>
    <ClInclude Include="..\src\VortexModifier.h">
      <Filter>Source Files\Modifiers</Filter>
    </ClInclude>
    <ClInclude Include="..\src\MyStrings.h">
      <Filter>Source Files\Misc</Filter>
    </ClInclude>
    <ClInclude Include="..\src\Particle.h">
      <Filter>Source Files\ParticleSystem</Filter>
    </ClInclude>
    <ClInclude Include="..\src\ParticleSystem.h">
      <Filter>Source Files\ParticleSystem</Filter>
    </ClInclude>
    <ClInclude Include="..\src\ParticleSystemManager.h">
      <Filter>Source Files\ParticleSystem</Filter>
    </ClInclude>
    <ClInclude Include="..\src\PointEmitter.h">
      <Filter>Source Files\Emitters</Filter>
    </ClInclude>
    <ClInclude Include="..\src\PointGravityModifier.h">
      <Filter>Source Files\Modifiers</Filter>
    </ClInclude>
    <ClInclude Include="..\src\FluidModifier.h">
      <Filter>Source Files\Modifiers</Filter>
    </ClInclude>
  </ItemGroup>
  <ItemGroup>
    <ResourceCompile Include="Resources.rc">
      <Filter>Resource Files</Filter>
    </ResourceCompile>
  </ItemGroup>
</Project>