// !$*UTF8*$!
{
	archiveVersion = 1;
	classes = {
	};
	objectVersion = 46;
	objects = {

/* Begin PBXBuildFile section */
		00748058165D41390024B57A /* assets in Resources */ = {isa = PBXBuildFile; fileRef = 00748057165D41390024B57A /* assets */; };
		0087D25512CD809F002CD69F /* CoreText.framework in Frameworks */ = {isa = PBXBuildFile; fileRef = 0087D25412CD809F002CD69F /* CoreText.framework */; };
		00CFDF6B1138442D0091E310 /* CoreGraphics.framework in Frameworks */ = {isa = PBXBuildFile; fileRef = 00CFDF6A1138442D0091E310 /* CoreGraphics.framework */; };
		0858A034F9B64BB794860F72 /* b2StackAllocator.cpp in Sources */ = {isa = PBXBuildFile; fileRef = 4EC08C45733A4A80B096A539 /* b2StackAllocator.cpp */; };
		0A1A78D554FC4B36974D4BC1 /* b2ChainShape.cpp in Sources */ = {isa = PBXBuildFile; fileRef = EBC9CBF96B8D432CBD901421 /* b2ChainShape.cpp */; };
		0A2F916AC0394E1D9CDE735D /* b2CollideCircle.cpp in Sources */ = {isa = PBXBuildFile; fileRef = 87C7C77A19C849A6BECFBC72 /* b2CollideCircle.cpp */; };
		0CE55B0B6E4E49009200019F /* b2EdgeShape.cpp in Sources */ = {isa = PBXBuildFile; fileRef = 7D44685F95774B45AC89E33C /* b2EdgeShape.cpp */; };
		10E3BC04FA284A4EA7C38347 /* b2ChainAndPolygonContact.cpp in Sources */ = {isa = PBXBuildFile; fileRef = 428037F66E90473691A95B71 /* b2ChainAndPolygonContact.cpp */; };
		134C42B855BD41DE8947A683 /* b2Math.cpp in Sources */ = {isa = PBXBuildFile; fileRef = D7295555A0AB45E8B33E04CB /* b2Math.cpp */; };
		1D60589F0D05DD5A006BFB54 /* Foundation.framework in Frameworks */ = {isa = PBXBuildFile; fileRef = 1D30AB110D05D00D00671497 /* Foundation.framework */; };
		1DF5F4E00D08C38300B7A737 /* UIKit.framework in Frameworks */ = {isa = PBXBuildFile; fileRef = 1DF5F4DF0D08C38300B7A737 /* UIKit.framework */; };
		20C2D31D616C4C338C79BA9D /* b2PulleyJoint.cpp in Sources */ = {isa = PBXBuildFile; fileRef = D2683FD2C3F34D389D55AC58 /* b2PulleyJoint.cpp */; };
		25414F8D6AD74B4AAFAE5834 /* b2Body.cpp in Sources */ = {isa = PBXBuildFile; fileRef = 8085E36973F34A7FA1A8844B /* b2Body.cpp */; };
		28FD15000DC6FC520079059D /* OpenGLES.framework in Frameworks */ = {isa = PBXBuildFile; fileRef = 28FD14FF0DC6FC520079059D /* OpenGLES.framework */; };
		28FD15080DC6FC5B0079059D /* QuartzCore.framework in Frameworks */ = {isa = PBXBuildFile; fileRef = 28FD15070DC6FC5B0079059D /* QuartzCore.framework */; };
		2CCEF7210EBE468C9ECADA95 /* b2BlockAllocator.cpp in Sources */ = {isa = PBXBuildFile; fileRef = 605F92F369424B958BB5A528 /* b2BlockAllocator.cpp */; };
		2D0A85EFDEAF47ECA1EEBB08 /* b2Collision.cpp in Sources */ = {isa = PBXBuildFile; fileRef = 6A35AEF65E1149E3B09F5484 /* b2Collision.cpp */; };
		2F4C126E6E8F4587A01DFDA9 /* b2DistanceJoint.cpp in Sources */ = {isa = PBXBuildFile; fileRef = 9E0086F97D974136B61BE350 /* b2DistanceJoint.cpp */; };
		2FEE7051E27546E1B88BD35B /* b2GearJoint.cpp in Sources */ = {isa = PBXBuildFile; fileRef = 262271D9E1F74358BA39C558 /* b2GearJoint.cpp */; };
		3100D790EE28480BA47CBB79 /* b2PolygonAndCircleContact.cpp in Sources */ = {isa = PBXBuildFile; fileRef = FED9735AB9534BC7AD32B68A /* b2PolygonAndCircleContact.cpp */; };
		3583895380DF4A508F4D299F /* b2TimeOfImpact.cpp in Sources */ = {isa = PBXBuildFile; fileRef = 558610CB9C004308B4CC8C3E /* b2TimeOfImpact.cpp */; };
		3E8EAA4297134E9489EE2A44 /* b2World.cpp in Sources */ = {isa = PBXBuildFile; fileRef = E57F63B3D51546298266A70A /* b2World.cpp */; };
		495DB96FFA9A4B23B6AF321B /* b2WheelJoint.cpp in Sources */ = {isa = PBXBuildFile; fileRef = C762C6D1C9B042EA8648C492 /* b2WheelJoint.cpp */; };
		4B1DF5683DEB4766B29AD0FC /* PhysicsBox2dApp.cpp in Sources */ = {isa = PBXBuildFile; fileRef = 5518D4A7022F4D9D918BA15F /* PhysicsBox2dApp.cpp */; };
		56AB681AC3D64997819195A4 /* CinderApp_ios.png in Resources */ = {isa = PBXBuildFile; fileRef = 0453A421C5E4405DB99FDBCF /* CinderApp_ios.png */; };
		58AD87621AC242AEB84C8A55 /* b2CircleShape.cpp in Sources */ = {isa = PBXBuildFile; fileRef = 163CF6035FD84D87A6FA8C09 /* b2CircleShape.cpp */; };
		594253E6FF564680A5DF496A /* b2EdgeAndPolygonContact.cpp in Sources */ = {isa = PBXBuildFile; fileRef = E1AB857831724F51B90455E8 /* b2EdgeAndPolygonContact.cpp */; };
		5BCCDF5457454E4DB3D985CB /* b2Settings.cpp in Sources */ = {isa = PBXBuildFile; fileRef = F47BDBAD1633432E8B8C20EB /* b2Settings.cpp */; };
		5F443F880FF3450189F96B11 /* b2RopeJoint.cpp in Sources */ = {isa = PBXBuildFile; fileRef = F6620A3D015541068EE61BB4 /* b2RopeJoint.cpp */; };
		623CA6285DCB499ABB147FF4 /* b2ContactManager.cpp in Sources */ = {isa = PBXBuildFile; fileRef = C141EE93A24B4A0388B6B712 /* b2ContactManager.cpp */; };
		6519A750BCE3419B8F8457D7 /* b2WorldCallbacks.cpp in Sources */ = {isa = PBXBuildFile; fileRef = 0A988B357E2F419C97CB3B4F /* b2WorldCallbacks.cpp */; };
		659A5E1041814FCA82923EEC /* b2DynamicTree.cpp in Sources */ = {isa = PBXBuildFile; fileRef = 70CDE07F045242C682918305 /* b2DynamicTree.cpp */; };
		782944B7CC3F4CB880BB6AAD /* b2EdgeAndCircleContact.cpp in Sources */ = {isa = PBXBuildFile; fileRef = 2DFE50FE10704B87BF824D8A /* b2EdgeAndCircleContact.cpp */; };
		7AEB2E5BAFFB4780AD73612C /* b2Joint.cpp in Sources */ = {isa = PBXBuildFile; fileRef = 7B4EE456531A44F7A9152740 /* b2Joint.cpp */; };
		7B93505EC5CF40DC8A6E5C6A /* b2MouseJoint.cpp in Sources */ = {isa = PBXBuildFile; fileRef = F10FC22601EE4B34895EBC82 /* b2MouseJoint.cpp */; };
		8123F0DF0FDC437F9BBBBF6F /* b2PolygonShape.cpp in Sources */ = {isa = PBXBuildFile; fileRef = 1108B2559482444BB3912606 /* b2PolygonShape.cpp */; };
		860DB15C348940D287150848 /* b2FrictionJoint.cpp in Sources */ = {isa = PBXBuildFile; fileRef = 0DD53C066405460AA2F2C914 /* b2FrictionJoint.cpp */; };
		8AC9FA0F5C5F4639878E08CE /* b2Draw.cpp in Sources */ = {isa = PBXBuildFile; fileRef = 592F9FB49FBF450E8A249CB3 /* b2Draw.cpp */; };
		8DC925A8BD3B47A6A260B6A2 /* b2Contact.cpp in Sources */ = {isa = PBXBuildFile; fileRef = 73B438F7551045989DB07265 /* b2Contact.cpp */; };
		98C0A540657A4BC0AB99C774 /* b2ContactSolver.cpp in Sources */ = {isa = PBXBuildFile; fileRef = 6444FD2F0E5F4DCE937B3A00 /* b2ContactSolver.cpp */; };
		9B41BAC761D64DAEBE0D87CE /* b2CircleContact.cpp in Sources */ = {isa = PBXBuildFile; fileRef = 5DA611EB0F904B1888CD4915 /* b2CircleContact.cpp */; };
		9D2E23D8837543B2B95C6A86 /* b2WeldJoint.cpp in Sources */ = {isa = PBXBuildFile; fileRef = D796F31C35014FD98EBAF645 /* b2WeldJoint.cpp */; };
		A29DA40F6F124D079902C314 /* b2ChainAndCircleContact.cpp in Sources */ = {isa = PBXBuildFile; fileRef = 7615BF463EDE40A885B32246 /* b2ChainAndCircleContact.cpp */; };
		A4140CAC850448998BC28EAA /* b2CollideEdge.cpp in Sources */ = {isa = PBXBuildFile; fileRef = 08291439F15648F7A8DECA0A /* b2CollideEdge.cpp */; };
		A9D75EAA83A741BC91BB4AA4 /* b2Distance.cpp in Sources */ = {isa = PBXBuildFile; fileRef = 0C617A4532DB4C9488553393 /* b2Distance.cpp */; };
		AE5F59CFFC8A43B1902E938B /* Default-568h@2x.png in Resources */ = {isa = PBXBuildFile; fileRef = 4732096132AE4315ABD8241B /* Default-568h@2x.png */; };
		BF082B8717C8A3F1005FC69A /* Globals.cpp in Sources */ = {isa = PBXBuildFile; fileRef = BF082B8517C8A3F1005FC69A /* Globals.cpp */; };
		BFB9FBDA17CA591200F1C77C /* MotionImplCoreMotion.mm in Sources */ = {isa = PBXBuildFile; fileRef = BFB9FBD717CA591200F1C77C /* MotionImplCoreMotion.mm */; };
		BFB9FBDB17CA591200F1C77C /* MotionManager.cpp in Sources */ = {isa = PBXBuildFile; fileRef = BFB9FBD817CA591200F1C77C /* MotionManager.cpp */; };
		BFB9FBDD17CA5B3100F1C77C /* CoreMotion.framework in Frameworks */ = {isa = PBXBuildFile; fileRef = BFB9FBDC17CA5B3100F1C77C /* CoreMotion.framework */; };
		BFDA7B7D17CFCCCE00E72AF0 /* basic particle 1.png in Resources */ = {isa = PBXBuildFile; fileRef = BFDA7B7C17CFCCCE00E72AF0 /* basic particle 1.png */; };
		BFDB566717CFEDFD0041AA90 /* MovingCamera.cpp in Sources */ = {isa = PBXBuildFile; fileRef = BFDB564017CFEDFD0041AA90 /* MovingCamera.cpp */; };
		BFE3C01D17CBE59800E47CF9 /* BoxParticle.cpp in Sources */ = {isa = PBXBuildFile; fileRef = BFE3C01917CBE59800E47CF9 /* BoxParticle.cpp */; };
		BFE3C01E17CBE59800E47CF9 /* BoxParticleController.cpp in Sources */ = {isa = PBXBuildFile; fileRef = BFE3C01B17CBE59800E47CF9 /* BoxParticleController.cpp */; };
		BFE3C02517CBE5F800E47CF9 /* Emitter.cpp in Sources */ = {isa = PBXBuildFile; fileRef = BFE3C02117CBE5F800E47CF9 /* Emitter.cpp */; };
		BFE3C02617CBE5F800E47CF9 /* Particle.cpp in Sources */ = {isa = PBXBuildFile; fileRef = BFE3C02217CBE5F800E47CF9 /* Particle.cpp */; };
		BFE3C02717CBE5F800E47CF9 /* ParticleSystem.cpp in Sources */ = {isa = PBXBuildFile; fileRef = BFE3C02317CBE5F800E47CF9 /* ParticleSystem.cpp */; };
		BFE3C02817CBE5F800E47CF9 /* SpriteDataParser.cpp in Sources */ = {isa = PBXBuildFile; fileRef = BFE3C02417CBE5F800E47CF9 /* SpriteDataParser.cpp */; };
		C406E793CDE146B2B5BBEF14 /* b2BroadPhase.cpp in Sources */ = {isa = PBXBuildFile; fileRef = 7BC2DE7BBB0447AD92D59324 /* b2BroadPhase.cpp */; };
		C5200E6C1ED34BF78F7DE506 /* b2Timer.cpp in Sources */ = {isa = PBXBuildFile; fileRef = 545938A145D243579CE88F38 /* b2Timer.cpp */; };
		C725DFFE121DAC7F00FA186B /* CoreMedia.framework in Frameworks */ = {isa = PBXBuildFile; fileRef = C727C02B121B400300192073 /* CoreMedia.framework */; settings = {ATTRIBUTES = (Weak, ); }; };
		C725E001121DAC8F00FA186B /* AVFoundation.framework in Frameworks */ = {isa = PBXBuildFile; fileRef = C725E000121DAC8F00FA186B /* AVFoundation.framework */; settings = {ATTRIBUTES = (Weak, ); }; };
		C725E001121DAC8FFFFA18FF /* ImageIO.framework in Frameworks */ = {isa = PBXBuildFile; fileRef = 00CFDF6A1138442D0091FFFF /* ImageIO.framework */; };
		C727C02E121B400300192073 /* CoreVideo.framework in Frameworks */ = {isa = PBXBuildFile; fileRef = C727C02D121B400300192073 /* CoreVideo.framework */; settings = {ATTRIBUTES = (Weak, ); }; };
		C7FB19D6124BC0D70045AFD2 /* AudioToolbox.framework in Frameworks */ = {isa = PBXBuildFile; fileRef = C7FB19D5124BC0D70045AFD2 /* AudioToolbox.framework */; };
		C8A06A8EB37F44C08AD8B053 /* b2PolygonContact.cpp in Sources */ = {isa = PBXBuildFile; fileRef = B27394C1AC084B5383564196 /* b2PolygonContact.cpp */; };
		D2F71500C0544BF2BDF9BE22 /* b2Rope.cpp in Sources */ = {isa = PBXBuildFile; fileRef = 5ACC3C0F7C9648849429271A /* b2Rope.cpp */; };
		DA26F188A73B4DF8919F42C0 /* b2CollidePolygon.cpp in Sources */ = {isa = PBXBuildFile; fileRef = F37130D8E84742DB859B6D85 /* b2CollidePolygon.cpp */; };
		DDDDE001121DAC8FFFFADDDD /* MobileCoreServices.framework in Frameworks */ = {isa = PBXBuildFile; fileRef = DDDDDF6A1138442D0091DDDD /* MobileCoreServices.framework */; };
		DE1FAC7C0A4C4151B064CFBE /* b2PrismaticJoint.cpp in Sources */ = {isa = PBXBuildFile; fileRef = DAE79C5CEB23432BA7C4E37E /* b2PrismaticJoint.cpp */; };
		E426C29A2F3F4B919AE8C859 /* b2Fixture.cpp in Sources */ = {isa = PBXBuildFile; fileRef = 743C977856334A59964C6539 /* b2Fixture.cpp */; };
		E9E6A79A83304162800B939B /* b2RevoluteJoint.cpp in Sources */ = {isa = PBXBuildFile; fileRef = 31F7F68878E24C388D949D3B /* b2RevoluteJoint.cpp */; };
		EF32550B74634D3D9FB9093F /* b2Island.cpp in Sources */ = {isa = PBXBuildFile; fileRef = 51806CD9D8784A84936D23DF /* b2Island.cpp */; };
/* End PBXBuildFile section */

/* Begin PBXFileReference section */
		00692BCF14FF149000D0A05E /* PhysicsBox2d.app */ = {isa = PBXFileReference; explicitFileType = wrapper.application; includeInIndex = 0; path = PhysicsBox2d.app; sourceTree = BUILT_PRODUCTS_DIR; };
		00748057165D41390024B57A /* assets */ = {isa = PBXFileReference; lastKnownFileType = folder; name = assets; path = ../assets; sourceTree = "<group>"; };
		0087D25412CD809F002CD69F /* CoreText.framework */ = {isa = PBXFileReference; lastKnownFileType = wrapper.framework; name = CoreText.framework; path = System/Library/Frameworks/CoreText.framework; sourceTree = SDKROOT; };
		00CFDF6A1138442D0091E310 /* CoreGraphics.framework */ = {isa = PBXFileReference; lastKnownFileType = wrapper.framework; name = CoreGraphics.framework; path = System/Library/Frameworks/CoreGraphics.framework; sourceTree = SDKROOT; };
		00CFDF6A1138442D0091FFFF /* ImageIO.framework */ = {isa = PBXFileReference; lastKnownFileType = wrapper.framework; name = ImageIO.framework; path = System/Library/Frameworks/ImageIO.framework; sourceTree = SDKROOT; };
		03C4DA180B014665919196AD /* b2EdgeAndPolygonContact.h */ = {isa = PBXFileReference; lastKnownFileType = sourcecode.c.h; name = b2EdgeAndPolygonContact.h; path = ../../../../../Users/MacViktor/Documents/Programming/Cinder/cinder/blocks/Box2D/src/Box2D/Dynamics/Contacts/b2EdgeAndPolygonContact.h; sourceTree = "<group>"; };
		0453A421C5E4405DB99FDBCF /* CinderApp_ios.png */ = {isa = PBXFileReference; lastKnownFileType = "\"\""; name = CinderApp_ios.png; path = ../resources/CinderApp_ios.png; sourceTree = "<group>"; };
		08291439F15648F7A8DECA0A /* b2CollideEdge.cpp */ = {isa = PBXFileReference; lastKnownFileType = sourcecode.c.cpp; name = b2CollideEdge.cpp; path = ../../../../../Users/MacViktor/Documents/Programming/Cinder/cinder/blocks/Box2D/src/Box2D/Collision/b2CollideEdge.cpp; sourceTree = "<group>"; };
		0A988B357E2F419C97CB3B4F /* b2WorldCallbacks.cpp */ = {isa = PBXFileReference; lastKnownFileType = sourcecode.c.cpp; name = b2WorldCallbacks.cpp; path = ../../../../../Users/MacViktor/Documents/Programming/Cinder/cinder/blocks/Box2D/src/Box2D/Dynamics/b2WorldCallbacks.cpp; sourceTree = "<group>"; };
		0AF22FD73CD34447875CCCA3 /* b2GearJoint.h */ = {isa = PBXFileReference; lastKnownFileType = sourcecode.c.h; name = b2GearJoint.h; path = ../../../../../Users/MacViktor/Documents/Programming/Cinder/cinder/blocks/Box2D/src/Box2D/Dynamics/Joints/b2GearJoint.h; sourceTree = "<group>"; };
		0C617A4532DB4C9488553393 /* b2Distance.cpp */ = {isa = PBXFileReference; lastKnownFileType = sourcecode.c.cpp; name = b2Distance.cpp; path = ../../../../../Users/MacViktor/Documents/Programming/Cinder/cinder/blocks/Box2D/src/Box2D/Collision/b2Distance.cpp; sourceTree = "<group>"; };
		0CA6C1DF7A9649839F3457C2 /* b2TimeOfImpact.h */ = {isa = PBXFileReference; lastKnownFileType = sourcecode.c.h; name = b2TimeOfImpact.h; path = ../../../../../Users/MacViktor/Documents/Programming/Cinder/cinder/blocks/Box2D/src/Box2D/Collision/b2TimeOfImpact.h; sourceTree = "<group>"; };
		0DD53C066405460AA2F2C914 /* b2FrictionJoint.cpp */ = {isa = PBXFileReference; lastKnownFileType = sourcecode.c.cpp; name = b2FrictionJoint.cpp; path = ../../../../../Users/MacViktor/Documents/Programming/Cinder/cinder/blocks/Box2D/src/Box2D/Dynamics/Joints/b2FrictionJoint.cpp; sourceTree = "<group>"; };
		0FD8497FEB874AC3A633F266 /* b2ContactManager.h */ = {isa = PBXFileReference; lastKnownFileType = sourcecode.c.h; name = b2ContactManager.h; path = ../../../../../Users/MacViktor/Documents/Programming/Cinder/cinder/blocks/Box2D/src/Box2D/Dynamics/b2ContactManager.h; sourceTree = "<group>"; };
		1108B2559482444BB3912606 /* b2PolygonShape.cpp */ = {isa = PBXFileReference; lastKnownFileType = sourcecode.c.cpp; name = b2PolygonShape.cpp; path = ../../../../../Users/MacViktor/Documents/Programming/Cinder/cinder/blocks/Box2D/src/Box2D/Collision/Shapes/b2PolygonShape.cpp; sourceTree = "<group>"; };
		163CF6035FD84D87A6FA8C09 /* b2CircleShape.cpp */ = {isa = PBXFileReference; lastKnownFileType = sourcecode.c.cpp; name = b2CircleShape.cpp; path = ../../../../../Users/MacViktor/Documents/Programming/Cinder/cinder/blocks/Box2D/src/Box2D/Collision/Shapes/b2CircleShape.cpp; sourceTree = "<group>"; };
		16E0F65696374F63A1086ED6 /* b2CircleContact.h */ = {isa = PBXFileReference; lastKnownFileType = sourcecode.c.h; name = b2CircleContact.h; path = ../../../../../Users/MacViktor/Documents/Programming/Cinder/cinder/blocks/Box2D/src/Box2D/Dynamics/Contacts/b2CircleContact.h; sourceTree = "<group>"; };
		1A9C5A17B71843E98583ED7A /* b2Timer.h */ = {isa = PBXFileReference; lastKnownFileType = sourcecode.c.h; name = b2Timer.h; path = ../../../../../Users/MacViktor/Documents/Programming/Cinder/cinder/blocks/Box2D/src/Box2D/Common/b2Timer.h; sourceTree = "<group>"; };
		1D30AB110D05D00D00671497 /* Foundation.framework */ = {isa = PBXFileReference; lastKnownFileType = wrapper.framework; name = Foundation.framework; path = System/Library/Frameworks/Foundation.framework; sourceTree = SDKROOT; };
		1DF5F4DF0D08C38300B7A737 /* UIKit.framework */ = {isa = PBXFileReference; lastKnownFileType = wrapper.framework; name = UIKit.framework; path = System/Library/Frameworks/UIKit.framework; sourceTree = SDKROOT; };
		262271D9E1F74358BA39C558 /* b2GearJoint.cpp */ = {isa = PBXFileReference; lastKnownFileType = sourcecode.c.cpp; name = b2GearJoint.cpp; path = ../../../../../Users/MacViktor/Documents/Programming/Cinder/cinder/blocks/Box2D/src/Box2D/Dynamics/Joints/b2GearJoint.cpp; sourceTree = "<group>"; };
		28FD14FF0DC6FC520079059D /* OpenGLES.framework */ = {isa = PBXFileReference; lastKnownFileType = wrapper.framework; name = OpenGLES.framework; path = System/Library/Frameworks/OpenGLES.framework; sourceTree = SDKROOT; };
		28FD15070DC6FC5B0079059D /* QuartzCore.framework */ = {isa = PBXFileReference; lastKnownFileType = wrapper.framework; name = QuartzCore.framework; path = System/Library/Frameworks/QuartzCore.framework; sourceTree = SDKROOT; };
		2902337C5449454E97F9C743 /* b2Collision.h */ = {isa = PBXFileReference; lastKnownFileType = sourcecode.c.h; name = b2Collision.h; path = ../../../../../Users/MacViktor/Documents/Programming/Cinder/cinder/blocks/Box2D/src/Box2D/Collision/b2Collision.h; sourceTree = "<group>"; };
		2DFE50FE10704B87BF824D8A /* b2EdgeAndCircleContact.cpp */ = {isa = PBXFileReference; lastKnownFileType = sourcecode.c.cpp; name = b2EdgeAndCircleContact.cpp; path = ../../../../../Users/MacViktor/Documents/Programming/Cinder/cinder/blocks/Box2D/src/Box2D/Dynamics/Contacts/b2EdgeAndCircleContact.cpp; sourceTree = "<group>"; };
		3000180C93284B0E9DCBCDF6 /* b2ContactSolver.h */ = {isa = PBXFileReference; lastKnownFileType = sourcecode.c.h; name = b2ContactSolver.h; path = ../../../../../Users/MacViktor/Documents/Programming/Cinder/cinder/blocks/Box2D/src/Box2D/Dynamics/Contacts/b2ContactSolver.h; sourceTree = "<group>"; };
		31F7F68878E24C388D949D3B /* b2RevoluteJoint.cpp */ = {isa = PBXFileReference; lastKnownFileType = sourcecode.c.cpp; name = b2RevoluteJoint.cpp; path = ../../../../../Users/MacViktor/Documents/Programming/Cinder/cinder/blocks/Box2D/src/Box2D/Dynamics/Joints/b2RevoluteJoint.cpp; sourceTree = "<group>"; };
		345515345B6844BB9ABC7EDC /* Info.plist */ = {isa = PBXFileReference; lastKnownFileType = text.plist.xml; path = Info.plist; sourceTree = "<group>"; };
		35D7CB43299C45D986D9230A /* b2WheelJoint.h */ = {isa = PBXFileReference; lastKnownFileType = sourcecode.c.h; name = b2WheelJoint.h; path = ../../../../../Users/MacViktor/Documents/Programming/Cinder/cinder/blocks/Box2D/src/Box2D/Dynamics/Joints/b2WheelJoint.h; sourceTree = "<group>"; };
		428037F66E90473691A95B71 /* b2ChainAndPolygonContact.cpp */ = {isa = PBXFileReference; lastKnownFileType = sourcecode.c.cpp; name = b2ChainAndPolygonContact.cpp; path = ../../../../../Users/MacViktor/Documents/Programming/Cinder/cinder/blocks/Box2D/src/Box2D/Dynamics/Contacts/b2ChainAndPolygonContact.cpp; sourceTree = "<group>"; };
		4732096132AE4315ABD8241B /* Default-568h@2x.png */ = {isa = PBXFileReference; lastKnownFileType = "\"\""; path = "Default-568h@2x.png"; sourceTree = "<group>"; };
		48AFE077396845AA85614420 /* b2Draw.h */ = {isa = PBXFileReference; lastKnownFileType = sourcecode.c.h; name = b2Draw.h; path = ../../../../../Users/MacViktor/Documents/Programming/Cinder/cinder/blocks/Box2D/src/Box2D/Common/b2Draw.h; sourceTree = "<group>"; };
		493744968ABB4610BC6225E5 /* b2CircleShape.h */ = {isa = PBXFileReference; lastKnownFileType = sourcecode.c.h; name = b2CircleShape.h; path = ../../../../../Users/MacViktor/Documents/Programming/Cinder/cinder/blocks/Box2D/src/Box2D/Collision/Shapes/b2CircleShape.h; sourceTree = "<group>"; };
		4EC08C45733A4A80B096A539 /* b2StackAllocator.cpp */ = {isa = PBXFileReference; lastKnownFileType = sourcecode.c.cpp; name = b2StackAllocator.cpp; path = ../../../../../Users/MacViktor/Documents/Programming/Cinder/cinder/blocks/Box2D/src/Box2D/Common/b2StackAllocator.cpp; sourceTree = "<group>"; };
		51806CD9D8784A84936D23DF /* b2Island.cpp */ = {isa = PBXFileReference; lastKnownFileType = sourcecode.c.cpp; name = b2Island.cpp; path = ../../../../../Users/MacViktor/Documents/Programming/Cinder/cinder/blocks/Box2D/src/Box2D/Dynamics/b2Island.cpp; sourceTree = "<group>"; };
		5183D3AF560B494C9BC348EF /* b2RevoluteJoint.h */ = {isa = PBXFileReference; lastKnownFileType = sourcecode.c.h; name = b2RevoluteJoint.h; path = ../../../../../Users/MacViktor/Documents/Programming/Cinder/cinder/blocks/Box2D/src/Box2D/Dynamics/Joints/b2RevoluteJoint.h; sourceTree = "<group>"; };
		51D740D38364424F8308AC0A /* b2WeldJoint.h */ = {isa = PBXFileReference; lastKnownFileType = sourcecode.c.h; name = b2WeldJoint.h; path = ../../../../../Users/MacViktor/Documents/Programming/Cinder/cinder/blocks/Box2D/src/Box2D/Dynamics/Joints/b2WeldJoint.h; sourceTree = "<group>"; };
		545938A145D243579CE88F38 /* b2Timer.cpp */ = {isa = PBXFileReference; lastKnownFileType = sourcecode.c.cpp; name = b2Timer.cpp; path = ../../../../../Users/MacViktor/Documents/Programming/Cinder/cinder/blocks/Box2D/src/Box2D/Common/b2Timer.cpp; sourceTree = "<group>"; };
		5518D4A7022F4D9D918BA15F /* PhysicsBox2dApp.cpp */ = {isa = PBXFileReference; lastKnownFileType = sourcecode.c.cpp; name = PhysicsBox2dApp.cpp; path = ../src/PhysicsBox2dApp.cpp; sourceTree = "<group>"; };
		558610CB9C004308B4CC8C3E /* b2TimeOfImpact.cpp */ = {isa = PBXFileReference; lastKnownFileType = sourcecode.c.cpp; name = b2TimeOfImpact.cpp; path = ../../../../../Users/MacViktor/Documents/Programming/Cinder/cinder/blocks/Box2D/src/Box2D/Collision/b2TimeOfImpact.cpp; sourceTree = "<group>"; };
		55C22819509E4167AEE7CF59 /* b2StackAllocator.h */ = {isa = PBXFileReference; lastKnownFileType = sourcecode.c.h; name = b2StackAllocator.h; path = ../../../../../Users/MacViktor/Documents/Programming/Cinder/cinder/blocks/Box2D/src/Box2D/Common/b2StackAllocator.h; sourceTree = "<group>"; };
		56411894DB164ED09E457D33 /* b2BlockAllocator.h */ = {isa = PBXFileReference; lastKnownFileType = sourcecode.c.h; name = b2BlockAllocator.h; path = ../../../../../Users/MacViktor/Documents/Programming/Cinder/cinder/blocks/Box2D/src/Box2D/Common/b2BlockAllocator.h; sourceTree = "<group>"; };
		578C303EB5764E6BAA014098 /* b2PolygonContact.h */ = {isa = PBXFileReference; lastKnownFileType = sourcecode.c.h; name = b2PolygonContact.h; path = ../../../../../Users/MacViktor/Documents/Programming/Cinder/cinder/blocks/Box2D/src/Box2D/Dynamics/Contacts/b2PolygonContact.h; sourceTree = "<group>"; };
		58BA301C4AB84CB0ABA5C98B /* b2DistanceJoint.h */ = {isa = PBXFileReference; lastKnownFileType = sourcecode.c.h; name = b2DistanceJoint.h; path = ../../../../../Users/MacViktor/Documents/Programming/Cinder/cinder/blocks/Box2D/src/Box2D/Dynamics/Joints/b2DistanceJoint.h; sourceTree = "<group>"; };
		592F9FB49FBF450E8A249CB3 /* b2Draw.cpp */ = {isa = PBXFileReference; lastKnownFileType = sourcecode.c.cpp; name = b2Draw.cpp; path = ../../../../../Users/MacViktor/Documents/Programming/Cinder/cinder/blocks/Box2D/src/Box2D/Common/b2Draw.cpp; sourceTree = "<group>"; };
		5ACC3C0F7C9648849429271A /* b2Rope.cpp */ = {isa = PBXFileReference; lastKnownFileType = sourcecode.c.cpp; name = b2Rope.cpp; path = ../../../../../Users/MacViktor/Documents/Programming/Cinder/cinder/blocks/Box2D/src/Box2D/Rope/b2Rope.cpp; sourceTree = "<group>"; };
		5DA611EB0F904B1888CD4915 /* b2CircleContact.cpp */ = {isa = PBXFileReference; lastKnownFileType = sourcecode.c.cpp; name = b2CircleContact.cpp; path = ../../../../../Users/MacViktor/Documents/Programming/Cinder/cinder/blocks/Box2D/src/Box2D/Dynamics/Contacts/b2CircleContact.cpp; sourceTree = "<group>"; };
		605F92F369424B958BB5A528 /* b2BlockAllocator.cpp */ = {isa = PBXFileReference; lastKnownFileType = sourcecode.c.cpp; name = b2BlockAllocator.cpp; path = ../../../../../Users/MacViktor/Documents/Programming/Cinder/cinder/blocks/Box2D/src/Box2D/Common/b2BlockAllocator.cpp; sourceTree = "<group>"; };
		6444FD2F0E5F4DCE937B3A00 /* b2ContactSolver.cpp */ = {isa = PBXFileReference; lastKnownFileType = sourcecode.c.cpp; name = b2ContactSolver.cpp; path = ../../../../../Users/MacViktor/Documents/Programming/Cinder/cinder/blocks/Box2D/src/Box2D/Dynamics/Contacts/b2ContactSolver.cpp; sourceTree = "<group>"; };
		66A85869C3D747EFBE557C18 /* PhysicsBox2d_Prefix.pch */ = {isa = PBXFileReference; lastKnownFileType = "\"\""; path = PhysicsBox2d_Prefix.pch; sourceTree = "<group>"; };
		684146C401C847F68FB5DC10 /* b2FrictionJoint.h */ = {isa = PBXFileReference; lastKnownFileType = sourcecode.c.h; name = b2FrictionJoint.h; path = ../../../../../Users/MacViktor/Documents/Programming/Cinder/cinder/blocks/Box2D/src/Box2D/Dynamics/Joints/b2FrictionJoint.h; sourceTree = "<group>"; };
		6A35AEF65E1149E3B09F5484 /* b2Collision.cpp */ = {isa = PBXFileReference; lastKnownFileType = sourcecode.c.cpp; name = b2Collision.cpp; path = ../../../../../Users/MacViktor/Documents/Programming/Cinder/cinder/blocks/Box2D/src/Box2D/Collision/b2Collision.cpp; sourceTree = "<group>"; };
		70CDE07F045242C682918305 /* b2DynamicTree.cpp */ = {isa = PBXFileReference; lastKnownFileType = sourcecode.c.cpp; name = b2DynamicTree.cpp; path = ../../../../../Users/MacViktor/Documents/Programming/Cinder/cinder/blocks/Box2D/src/Box2D/Collision/b2DynamicTree.cpp; sourceTree = "<group>"; };
		73B438F7551045989DB07265 /* b2Contact.cpp */ = {isa = PBXFileReference; lastKnownFileType = sourcecode.c.cpp; name = b2Contact.cpp; path = ../../../../../Users/MacViktor/Documents/Programming/Cinder/cinder/blocks/Box2D/src/Box2D/Dynamics/Contacts/b2Contact.cpp; sourceTree = "<group>"; };
		743C977856334A59964C6539 /* b2Fixture.cpp */ = {isa = PBXFileReference; lastKnownFileType = sourcecode.c.cpp; name = b2Fixture.cpp; path = ../../../../../Users/MacViktor/Documents/Programming/Cinder/cinder/blocks/Box2D/src/Box2D/Dynamics/b2Fixture.cpp; sourceTree = "<group>"; };
		74C0A2D282B840D292CA6BB0 /* b2RopeJoint.h */ = {isa = PBXFileReference; lastKnownFileType = sourcecode.c.h; name = b2RopeJoint.h; path = ../../../../../Users/MacViktor/Documents/Programming/Cinder/cinder/blocks/Box2D/src/Box2D/Dynamics/Joints/b2RopeJoint.h; sourceTree = "<group>"; };
		7615BF463EDE40A885B32246 /* b2ChainAndCircleContact.cpp */ = {isa = PBXFileReference; lastKnownFileType = sourcecode.c.cpp; name = b2ChainAndCircleContact.cpp; path = ../../../../../Users/MacViktor/Documents/Programming/Cinder/cinder/blocks/Box2D/src/Box2D/Dynamics/Contacts/b2ChainAndCircleContact.cpp; sourceTree = "<group>"; };
		76844AF9C079460D920F69C9 /* b2TimeStep.h */ = {isa = PBXFileReference; lastKnownFileType = sourcecode.c.h; name = b2TimeStep.h; path = ../../../../../Users/MacViktor/Documents/Programming/Cinder/cinder/blocks/Box2D/src/Box2D/Dynamics/b2TimeStep.h; sourceTree = "<group>"; };
		7B4EE456531A44F7A9152740 /* b2Joint.cpp */ = {isa = PBXFileReference; lastKnownFileType = sourcecode.c.cpp; name = b2Joint.cpp; path = ../../../../../Users/MacViktor/Documents/Programming/Cinder/cinder/blocks/Box2D/src/Box2D/Dynamics/Joints/b2Joint.cpp; sourceTree = "<group>"; };
		7BC2DE7BBB0447AD92D59324 /* b2BroadPhase.cpp */ = {isa = PBXFileReference; lastKnownFileType = sourcecode.c.cpp; name = b2BroadPhase.cpp; path = ../../../../../Users/MacViktor/Documents/Programming/Cinder/cinder/blocks/Box2D/src/Box2D/Collision/b2BroadPhase.cpp; sourceTree = "<group>"; };
		7D44685F95774B45AC89E33C /* b2EdgeShape.cpp */ = {isa = PBXFileReference; lastKnownFileType = sourcecode.c.cpp; name = b2EdgeShape.cpp; path = ../../../../../Users/MacViktor/Documents/Programming/Cinder/cinder/blocks/Box2D/src/Box2D/Collision/Shapes/b2EdgeShape.cpp; sourceTree = "<group>"; };
		8085E36973F34A7FA1A8844B /* b2Body.cpp */ = {isa = PBXFileReference; lastKnownFileType = sourcecode.c.cpp; name = b2Body.cpp; path = ../../../../../Users/MacViktor/Documents/Programming/Cinder/cinder/blocks/Box2D/src/Box2D/Dynamics/b2Body.cpp; sourceTree = "<group>"; };
		80DDCA2613D6400FBCF5D658 /* b2GrowableStack.h */ = {isa = PBXFileReference; lastKnownFileType = sourcecode.c.h; name = b2GrowableStack.h; path = ../../../../../Users/MacViktor/Documents/Programming/Cinder/cinder/blocks/Box2D/src/Box2D/Common/b2GrowableStack.h; sourceTree = "<group>"; };
		81EF48DC5B3E4CA2905B1C16 /* b2Island.h */ = {isa = PBXFileReference; lastKnownFileType = sourcecode.c.h; name = b2Island.h; path = ../../../../../Users/MacViktor/Documents/Programming/Cinder/cinder/blocks/Box2D/src/Box2D/Dynamics/b2Island.h; sourceTree = "<group>"; };
		833FEE29DAEC4A148C3B102E /* Box2d.h */ = {isa = PBXFileReference; lastKnownFileType = sourcecode.c.h; name = Box2d.h; path = ../../../../../Users/MacViktor/Documents/Programming/Cinder/cinder/blocks/Box2D/src/Box2D/Box2d.h; sourceTree = "<group>"; };
		841B6AD965CA464DAC40D9A5 /* b2EdgeAndCircleContact.h */ = {isa = PBXFileReference; lastKnownFileType = sourcecode.c.h; name = b2EdgeAndCircleContact.h; path = ../../../../../Users/MacViktor/Documents/Programming/Cinder/cinder/blocks/Box2D/src/Box2D/Dynamics/Contacts/b2EdgeAndCircleContact.h; sourceTree = "<group>"; };
		87C7C77A19C849A6BECFBC72 /* b2CollideCircle.cpp */ = {isa = PBXFileReference; lastKnownFileType = sourcecode.c.cpp; name = b2CollideCircle.cpp; path = ../../../../../Users/MacViktor/Documents/Programming/Cinder/cinder/blocks/Box2D/src/Box2D/Collision/b2CollideCircle.cpp; sourceTree = "<group>"; };
		92C761D0609846EC8AB0D442 /* b2PrismaticJoint.h */ = {isa = PBXFileReference; lastKnownFileType = sourcecode.c.h; name = b2PrismaticJoint.h; path = ../../../../../Users/MacViktor/Documents/Programming/Cinder/cinder/blocks/Box2D/src/Box2D/Dynamics/Joints/b2PrismaticJoint.h; sourceTree = "<group>"; };
		99A72068C142470DA08AB170 /* b2PulleyJoint.h */ = {isa = PBXFileReference; lastKnownFileType = sourcecode.c.h; name = b2PulleyJoint.h; path = ../../../../../Users/MacViktor/Documents/Programming/Cinder/cinder/blocks/Box2D/src/Box2D/Dynamics/Joints/b2PulleyJoint.h; sourceTree = "<group>"; };
		9D36FB9FB9E945F8B0972AA5 /* b2Rope.h */ = {isa = PBXFileReference; lastKnownFileType = sourcecode.c.h; name = b2Rope.h; path = ../../../../../Users/MacViktor/Documents/Programming/Cinder/cinder/blocks/Box2D/src/Box2D/Rope/b2Rope.h; sourceTree = "<group>"; };
		9E0086F97D974136B61BE350 /* b2DistanceJoint.cpp */ = {isa = PBXFileReference; lastKnownFileType = sourcecode.c.cpp; name = b2DistanceJoint.cpp; path = ../../../../../Users/MacViktor/Documents/Programming/Cinder/cinder/blocks/Box2D/src/Box2D/Dynamics/Joints/b2DistanceJoint.cpp; sourceTree = "<group>"; };
		A6D459B62F6A40C18D8EEA0E /* b2Distance.h */ = {isa = PBXFileReference; lastKnownFileType = sourcecode.c.h; name = b2Distance.h; path = ../../../../../Users/MacViktor/Documents/Programming/Cinder/cinder/blocks/Box2D/src/Box2D/Collision/b2Distance.h; sourceTree = "<group>"; };
		A8284C6F10C54FE989E4A3E4 /* b2DynamicTree.h */ = {isa = PBXFileReference; lastKnownFileType = sourcecode.c.h; name = b2DynamicTree.h; path = ../../../../../Users/MacViktor/Documents/Programming/Cinder/cinder/blocks/Box2D/src/Box2D/Collision/b2DynamicTree.h; sourceTree = "<group>"; };
		AD90853729174C21B3DB1B27 /* b2BroadPhase.h */ = {isa = PBXFileReference; lastKnownFileType = sourcecode.c.h; name = b2BroadPhase.h; path = ../../../../../Users/MacViktor/Documents/Programming/Cinder/cinder/blocks/Box2D/src/Box2D/Collision/b2BroadPhase.h; sourceTree = "<group>"; };
		B0347E87BB85453B95307871 /* b2MouseJoint.h */ = {isa = PBXFileReference; lastKnownFileType = sourcecode.c.h; name = b2MouseJoint.h; path = ../../../../../Users/MacViktor/Documents/Programming/Cinder/cinder/blocks/Box2D/src/Box2D/Dynamics/Joints/b2MouseJoint.h; sourceTree = "<group>"; };
		B27394C1AC084B5383564196 /* b2PolygonContact.cpp */ = {isa = PBXFileReference; lastKnownFileType = sourcecode.c.cpp; name = b2PolygonContact.cpp; path = ../../../../../Users/MacViktor/Documents/Programming/Cinder/cinder/blocks/Box2D/src/Box2D/Dynamics/Contacts/b2PolygonContact.cpp; sourceTree = "<group>"; };
		B9986D2CD1914AD283FBE740 /* b2ChainAndCircleContact.h */ = {isa = PBXFileReference; lastKnownFileType = sourcecode.c.h; name = b2ChainAndCircleContact.h; path = ../../../../../Users/MacViktor/Documents/Programming/Cinder/cinder/blocks/Box2D/src/Box2D/Dynamics/Contacts/b2ChainAndCircleContact.h; sourceTree = "<group>"; };
		BC2B391BB74446C197CCC56B /* Resources.h */ = {isa = PBXFileReference; lastKnownFileType = sourcecode.c.h; name = Resources.h; path = ../include/Resources.h; sourceTree = "<group>"; };
		BEF2FFCCD7BA49D08526F63C /* b2PolygonShape.h */ = {isa = PBXFileReference; lastKnownFileType = sourcecode.c.h; name = b2PolygonShape.h; path = ../../../../../Users/MacViktor/Documents/Programming/Cinder/cinder/blocks/Box2D/src/Box2D/Collision/Shapes/b2PolygonShape.h; sourceTree = "<group>"; };
		BF082B8417C8A3F1005FC69A /* Conversions.h */ = {isa = PBXFileReference; fileEncoding = 4; lastKnownFileType = sourcecode.c.h; name = Conversions.h; path = ../src/Conversions.h; sourceTree = "<group>"; };
		BF082B8517C8A3F1005FC69A /* Globals.cpp */ = {isa = PBXFileReference; fileEncoding = 4; lastKnownFileType = sourcecode.cpp.cpp; name = Globals.cpp; path = ../src/Globals.cpp; sourceTree = "<group>"; };
		BF082B8617C8A3F1005FC69A /* Globals.h */ = {isa = PBXFileReference; fileEncoding = 4; lastKnownFileType = sourcecode.c.h; name = Globals.h; path = ../src/Globals.h; sourceTree = "<group>"; };
		BFB9FBD617CA591200F1C77C /* MotionImplCoreMotion.h */ = {isa = PBXFileReference; fileEncoding = 4; lastKnownFileType = sourcecode.c.h; name = MotionImplCoreMotion.h; path = ../../../../../Users/MacViktor/Documents/Programming/Cinder/cinder/blocks/MotionManager/src/cinder/MotionImplCoreMotion.h; sourceTree = "<group>"; };
		BFB9FBD717CA591200F1C77C /* MotionImplCoreMotion.mm */ = {isa = PBXFileReference; fileEncoding = 4; lastKnownFileType = sourcecode.cpp.objcpp; name = MotionImplCoreMotion.mm; path = ../../../../../Users/MacViktor/Documents/Programming/Cinder/cinder/blocks/MotionManager/src/cinder/MotionImplCoreMotion.mm; sourceTree = "<group>"; };
		BFB9FBD817CA591200F1C77C /* MotionManager.cpp */ = {isa = PBXFileReference; fileEncoding = 4; lastKnownFileType = sourcecode.cpp.cpp; name = MotionManager.cpp; path = ../../../../../Users/MacViktor/Documents/Programming/Cinder/cinder/blocks/MotionManager/src/cinder/MotionManager.cpp; sourceTree = "<group>"; };
		BFB9FBD917CA591200F1C77C /* MotionManager.h */ = {isa = PBXFileReference; fileEncoding = 4; lastKnownFileType = sourcecode.c.h; name = MotionManager.h; path = ../../../../../Users/MacViktor/Documents/Programming/Cinder/cinder/blocks/MotionManager/src/cinder/MotionManager.h; sourceTree = "<group>"; };
		BFB9FBDC17CA5B3100F1C77C /* CoreMotion.framework */ = {isa = PBXFileReference; lastKnownFileType = wrapper.framework; name = CoreMotion.framework; path = System/Library/Frameworks/CoreMotion.framework; sourceTree = SDKROOT; };
		BFD9D8FD17CD391600F2D8CF /* ShaderHelper.h */ = {isa = PBXFileReference; fileEncoding = 4; lastKnownFileType = sourcecode.c.h; name = ShaderHelper.h; path = ../../CinderGraphicsLib/include/ShaderHelper.h; sourceTree = "<group>"; };
		BFDA7B7C17CFCCCE00E72AF0 /* basic particle 1.png */ = {isa = PBXFileReference; lastKnownFileType = image.png; name = "basic particle 1.png"; path = "../../Media/Images/basic particle 1.png"; sourceTree = "<group>"; };
		BFDB563817CFEDEB0041AA90 /* MovingCamera.h */ = {isa = PBXFileReference; fileEncoding = 4; lastKnownFileType = sourcecode.c.h; name = MovingCamera.h; path = ../../CinderGraphicsLib/include/MovingCamera.h; sourceTree = "<group>"; };
		BFDB564017CFEDFD0041AA90 /* MovingCamera.cpp */ = {isa = PBXFileReference; fileEncoding = 4; lastKnownFileType = sourcecode.cpp.cpp; name = MovingCamera.cpp; path = ../../CinderGraphicsLib/src/MovingCamera.cpp; sourceTree = "<group>"; };
		BFE3C01917CBE59800E47CF9 /* BoxParticle.cpp */ = {isa = PBXFileReference; fileEncoding = 4; lastKnownFileType = sourcecode.cpp.cpp; name = BoxParticle.cpp; path = ../src/BoxParticle.cpp; sourceTree = "<group>"; };
		BFE3C01A17CBE59800E47CF9 /* BoxParticle.h */ = {isa = PBXFileReference; fileEncoding = 4; lastKnownFileType = sourcecode.c.h; name = BoxParticle.h; path = ../src/BoxParticle.h; sourceTree = "<group>"; };
		BFE3C01B17CBE59800E47CF9 /* BoxParticleController.cpp */ = {isa = PBXFileReference; fileEncoding = 4; lastKnownFileType = sourcecode.cpp.cpp; name = BoxParticleController.cpp; path = ../src/BoxParticleController.cpp; sourceTree = "<group>"; };
		BFE3C01C17CBE59800E47CF9 /* BoxParticleController.h */ = {isa = PBXFileReference; fileEncoding = 4; lastKnownFileType = sourcecode.c.h; name = BoxParticleController.h; path = ../src/BoxParticleController.h; sourceTree = "<group>"; };
		BFE3C02117CBE5F800E47CF9 /* Emitter.cpp */ = {isa = PBXFileReference; fileEncoding = 4; lastKnownFileType = sourcecode.cpp.cpp; name = Emitter.cpp; path = ../../CinderGraphicsLib/src/Emitter.cpp; sourceTree = "<group>"; };
		BFE3C02217CBE5F800E47CF9 /* Particle.cpp */ = {isa = PBXFileReference; fileEncoding = 4; lastKnownFileType = sourcecode.cpp.cpp; name = Particle.cpp; path = ../../CinderGraphicsLib/src/Particle.cpp; sourceTree = "<group>"; };
		BFE3C02317CBE5F800E47CF9 /* ParticleSystem.cpp */ = {isa = PBXFileReference; fileEncoding = 4; lastKnownFileType = sourcecode.cpp.cpp; name = ParticleSystem.cpp; path = ../../CinderGraphicsLib/src/ParticleSystem.cpp; sourceTree = "<group>"; };
		BFE3C02417CBE5F800E47CF9 /* SpriteDataParser.cpp */ = {isa = PBXFileReference; fileEncoding = 4; lastKnownFileType = sourcecode.cpp.cpp; name = SpriteDataParser.cpp; path = ../../CinderGraphicsLib/src/SpriteDataParser.cpp; sourceTree = "<group>"; };
		BFE3C02A17CBE64000E47CF9 /* AreaEmitter.h */ = {isa = PBXFileReference; fileEncoding = 4; lastKnownFileType = sourcecode.c.h; name = AreaEmitter.h; path = ../../CinderGraphicsLib/include/AreaEmitter.h; sourceTree = "<group>"; };
		BFE3C02B17CBE64000E47CF9 /* BaseMaterial.h */ = {isa = PBXFileReference; fileEncoding = 4; lastKnownFileType = sourcecode.c.h; name = BaseMaterial.h; path = ../../CinderGraphicsLib/include/BaseMaterial.h; sourceTree = "<group>"; };
		BFE3C02C17CBE64000E47CF9 /* BloomEffect.h */ = {isa = PBXFileReference; fileEncoding = 4; lastKnownFileType = sourcecode.c.h; name = BloomEffect.h; path = ../../CinderGraphicsLib/include/BloomEffect.h; sourceTree = "<group>"; };
		BFE3C02D17CBE64000E47CF9 /* BSpline.h */ = {isa = PBXFileReference; fileEncoding = 4; lastKnownFileType = sourcecode.c.h; name = BSpline.h; path = ../../CinderGraphicsLib/include/BSpline.h; sourceTree = "<group>"; };
		BFE3C02E17CBE64000E47CF9 /* ColorModifier.h */ = {isa = PBXFileReference; fileEncoding = 4; lastKnownFileType = sourcecode.c.h; name = ColorModifier.h; path = ../../CinderGraphicsLib/include/ColorModifier.h; sourceTree = "<group>"; };
		BFE3C02F17CBE64000E47CF9 /* CommonModifier.h */ = {isa = PBXFileReference; fileEncoding = 4; lastKnownFileType = sourcecode.c.h; name = CommonModifier.h; path = ../../CinderGraphicsLib/include/CommonModifier.h; sourceTree = "<group>"; };
		BFE3C03017CBE64000E47CF9 /* Emitter.h */ = {isa = PBXFileReference; fileEncoding = 4; lastKnownFileType = sourcecode.c.h; name = Emitter.h; path = ../../CinderGraphicsLib/include/Emitter.h; sourceTree = "<group>"; };
		BFE3C03117CBE64000E47CF9 /* FluidModifier.h */ = {isa = PBXFileReference; fileEncoding = 4; lastKnownFileType = sourcecode.c.h; name = FluidModifier.h; path = ../../CinderGraphicsLib/include/FluidModifier.h; sourceTree = "<group>"; };
		BFE3C03217CBE64000E47CF9 /* GravityModifier.h */ = {isa = PBXFileReference; fileEncoding = 4; lastKnownFileType = sourcecode.c.h; name = GravityModifier.h; path = ../../CinderGraphicsLib/include/GravityModifier.h; sourceTree = "<group>"; };
		BFE3C03317CBE64000E47CF9 /* ImageEmitter.h */ = {isa = PBXFileReference; fileEncoding = 4; lastKnownFileType = sourcecode.c.h; name = ImageEmitter.h; path = ../../CinderGraphicsLib/include/ImageEmitter.h; sourceTree = "<group>"; };
		BFE3C03417CBE64000E47CF9 /* Modifier.h */ = {isa = PBXFileReference; fileEncoding = 4; lastKnownFileType = sourcecode.c.h; name = Modifier.h; path = ../../CinderGraphicsLib/include/Modifier.h; sourceTree = "<group>"; };
		BFE3C03517CBE64000E47CF9 /* Particle.h */ = {isa = PBXFileReference; fileEncoding = 4; lastKnownFileType = sourcecode.c.h; name = Particle.h; path = ../../CinderGraphicsLib/include/Particle.h; sourceTree = "<group>"; };
		BFE3C03617CBE64000E47CF9 /* ParticleSystem.h */ = {isa = PBXFileReference; fileEncoding = 4; lastKnownFileType = sourcecode.c.h; name = ParticleSystem.h; path = ../../CinderGraphicsLib/include/ParticleSystem.h; sourceTree = "<group>"; };
		BFE3C03717CBE64000E47CF9 /* ParticleSystemManager.h */ = {isa = PBXFileReference; fileEncoding = 4; lastKnownFileType = sourcecode.c.h; name = ParticleSystemManager.h; path = ../../CinderGraphicsLib/include/ParticleSystemManager.h; sourceTree = "<group>"; };
		BFE3C03817CBE64000E47CF9 /* PerlinModifier.h */ = {isa = PBXFileReference; fileEncoding = 4; lastKnownFileType = sourcecode.c.h; name = PerlinModifier.h; path = ../../CinderGraphicsLib/include/PerlinModifier.h; sourceTree = "<group>"; };
		BFE3C03917CBE64000E47CF9 /* PointEmitter.h */ = {isa = PBXFileReference; fileEncoding = 4; lastKnownFileType = sourcecode.c.h; name = PointEmitter.h; path = ../../CinderGraphicsLib/include/PointEmitter.h; sourceTree = "<group>"; };
		BFE3C03A17CBE64000E47CF9 /* PointGravityModifier.h */ = {isa = PBXFileReference; fileEncoding = 4; lastKnownFileType = sourcecode.c.h; name = PointGravityModifier.h; path = ../../CinderGraphicsLib/include/PointGravityModifier.h; sourceTree = "<group>"; };
		BFE3C03B17CBE64000E47CF9 /* SpriteData.h */ = {isa = PBXFileReference; fileEncoding = 4; lastKnownFileType = sourcecode.c.h; name = SpriteData.h; path = ../../CinderGraphicsLib/include/SpriteData.h; sourceTree = "<group>"; };
		BFE3C03C17CBE64000E47CF9 /* SpriteDataParser.h */ = {isa = PBXFileReference; fileEncoding = 4; lastKnownFileType = sourcecode.c.h; name = SpriteDataParser.h; path = ../../CinderGraphicsLib/include/SpriteDataParser.h; sourceTree = "<group>"; };
		BFE3C03D17CBE64000E47CF9 /* VideoEmitter.h */ = {isa = PBXFileReference; fileEncoding = 4; lastKnownFileType = sourcecode.c.h; name = VideoEmitter.h; path = ../../CinderGraphicsLib/include/VideoEmitter.h; sourceTree = "<group>"; };
		BFE3C03E17CBE64000E47CF9 /* VortexModifier.h */ = {isa = PBXFileReference; fileEncoding = 4; lastKnownFileType = sourcecode.c.h; name = VortexModifier.h; path = ../../CinderGraphicsLib/include/VortexModifier.h; sourceTree = "<group>"; };
		C141EE93A24B4A0388B6B712 /* b2ContactManager.cpp */ = {isa = PBXFileReference; lastKnownFileType = sourcecode.c.cpp; name = b2ContactManager.cpp; path = ../../../../../Users/MacViktor/Documents/Programming/Cinder/cinder/blocks/Box2D/src/Box2D/Dynamics/b2ContactManager.cpp; sourceTree = "<group>"; };
		C193FE4FCEEB42C98D7750EF /* b2Settings.h */ = {isa = PBXFileReference; lastKnownFileType = sourcecode.c.h; name = b2Settings.h; path = ../../../../../Users/MacViktor/Documents/Programming/Cinder/cinder/blocks/Box2D/src/Box2D/Common/b2Settings.h; sourceTree = "<group>"; };
		C1A13C80C44B48568ACF8235 /* b2PolygonAndCircleContact.h */ = {isa = PBXFileReference; lastKnownFileType = sourcecode.c.h; name = b2PolygonAndCircleContact.h; path = ../../../../../Users/MacViktor/Documents/Programming/Cinder/cinder/blocks/Box2D/src/Box2D/Dynamics/Contacts/b2PolygonAndCircleContact.h; sourceTree = "<group>"; };
		C542ACB2DB474084BA6FD707 /* b2World.h */ = {isa = PBXFileReference; lastKnownFileType = sourcecode.c.h; name = b2World.h; path = ../../../../../Users/MacViktor/Documents/Programming/Cinder/cinder/blocks/Box2D/src/Box2D/Dynamics/b2World.h; sourceTree = "<group>"; };
		C725E000121DAC8F00FA186B /* AVFoundation.framework */ = {isa = PBXFileReference; lastKnownFileType = wrapper.framework; name = AVFoundation.framework; path = System/Library/Frameworks/AVFoundation.framework; sourceTree = SDKROOT; };
		C727C02B121B400300192073 /* CoreMedia.framework */ = {isa = PBXFileReference; lastKnownFileType = wrapper.framework; name = CoreMedia.framework; path = System/Library/Frameworks/CoreMedia.framework; sourceTree = SDKROOT; };
		C727C02D121B400300192073 /* CoreVideo.framework */ = {isa = PBXFileReference; lastKnownFileType = wrapper.framework; name = CoreVideo.framework; path = System/Library/Frameworks/CoreVideo.framework; sourceTree = SDKROOT; };
		C762C6D1C9B042EA8648C492 /* b2WheelJoint.cpp */ = {isa = PBXFileReference; lastKnownFileType = sourcecode.c.cpp; name = b2WheelJoint.cpp; path = ../../../../../Users/MacViktor/Documents/Programming/Cinder/cinder/blocks/Box2D/src/Box2D/Dynamics/Joints/b2WheelJoint.cpp; sourceTree = "<group>"; };
		C7FB19D5124BC0D70045AFD2 /* AudioToolbox.framework */ = {isa = PBXFileReference; lastKnownFileType = wrapper.framework; name = AudioToolbox.framework; path = System/Library/Frameworks/AudioToolbox.framework; sourceTree = SDKROOT; };
		C811D0E8301F473CAAB71F78 /* b2Fixture.h */ = {isa = PBXFileReference; lastKnownFileType = sourcecode.c.h; name = b2Fixture.h; path = ../../../../../Users/MacViktor/Documents/Programming/Cinder/cinder/blocks/Box2D/src/Box2D/Dynamics/b2Fixture.h; sourceTree = "<group>"; };
		D0B9D28231EC4A91972045FA /* b2WorldCallbacks.h */ = {isa = PBXFileReference; lastKnownFileType = sourcecode.c.h; name = b2WorldCallbacks.h; path = ../../../../../Users/MacViktor/Documents/Programming/Cinder/cinder/blocks/Box2D/src/Box2D/Dynamics/b2WorldCallbacks.h; sourceTree = "<group>"; };
		D2683FD2C3F34D389D55AC58 /* b2PulleyJoint.cpp */ = {isa = PBXFileReference; lastKnownFileType = sourcecode.c.cpp; name = b2PulleyJoint.cpp; path = ../../../../../Users/MacViktor/Documents/Programming/Cinder/cinder/blocks/Box2D/src/Box2D/Dynamics/Joints/b2PulleyJoint.cpp; sourceTree = "<group>"; };
		D7295555A0AB45E8B33E04CB /* b2Math.cpp */ = {isa = PBXFileReference; lastKnownFileType = sourcecode.c.cpp; name = b2Math.cpp; path = ../../../../../Users/MacViktor/Documents/Programming/Cinder/cinder/blocks/Box2D/src/Box2D/Common/b2Math.cpp; sourceTree = "<group>"; };
		D796F31C35014FD98EBAF645 /* b2WeldJoint.cpp */ = {isa = PBXFileReference; lastKnownFileType = sourcecode.c.cpp; name = b2WeldJoint.cpp; path = ../../../../../Users/MacViktor/Documents/Programming/Cinder/cinder/blocks/Box2D/src/Box2D/Dynamics/Joints/b2WeldJoint.cpp; sourceTree = "<group>"; };
		DA6EA355F2FB46599325C86C /* b2ChainAndPolygonContact.h */ = {isa = PBXFileReference; lastKnownFileType = sourcecode.c.h; name = b2ChainAndPolygonContact.h; path = ../../../../../Users/MacViktor/Documents/Programming/Cinder/cinder/blocks/Box2D/src/Box2D/Dynamics/Contacts/b2ChainAndPolygonContact.h; sourceTree = "<group>"; };
		DAE79C5CEB23432BA7C4E37E /* b2PrismaticJoint.cpp */ = {isa = PBXFileReference; lastKnownFileType = sourcecode.c.cpp; name = b2PrismaticJoint.cpp; path = ../../../../../Users/MacViktor/Documents/Programming/Cinder/cinder/blocks/Box2D/src/Box2D/Dynamics/Joints/b2PrismaticJoint.cpp; sourceTree = "<group>"; };
		DDDDDF6A1138442D0091DDDD /* MobileCoreServices.framework */ = {isa = PBXFileReference; lastKnownFileType = wrapper.framework; name = MobileCoreServices.framework; path = System/Library/Frameworks/MobileCoreServices.framework; sourceTree = SDKROOT; };
		DF4089AB83754EFC8E0F68B3 /* b2Body.h */ = {isa = PBXFileReference; lastKnownFileType = sourcecode.c.h; name = b2Body.h; path = ../../../../../Users/MacViktor/Documents/Programming/Cinder/cinder/blocks/Box2D/src/Box2D/Dynamics/b2Body.h; sourceTree = "<group>"; };
		E1AB857831724F51B90455E8 /* b2EdgeAndPolygonContact.cpp */ = {isa = PBXFileReference; lastKnownFileType = sourcecode.c.cpp; name = b2EdgeAndPolygonContact.cpp; path = ../../../../../Users/MacViktor/Documents/Programming/Cinder/cinder/blocks/Box2D/src/Box2D/Dynamics/Contacts/b2EdgeAndPolygonContact.cpp; sourceTree = "<group>"; };
		E57F63B3D51546298266A70A /* b2World.cpp */ = {isa = PBXFileReference; lastKnownFileType = sourcecode.c.cpp; name = b2World.cpp; path = ../../../../../Users/MacViktor/Documents/Programming/Cinder/cinder/blocks/Box2D/src/Box2D/Dynamics/b2World.cpp; sourceTree = "<group>"; };
		E91AA4D1F59E411B98740A31 /* b2Shape.h */ = {isa = PBXFileReference; lastKnownFileType = sourcecode.c.h; name = b2Shape.h; path = ../../../../../Users/MacViktor/Documents/Programming/Cinder/cinder/blocks/Box2D/src/Box2D/Collision/Shapes/b2Shape.h; sourceTree = "<group>"; };
		E99033F648384704BBD2FA1A /* b2Math.h */ = {isa = PBXFileReference; lastKnownFileType = sourcecode.c.h; name = b2Math.h; path = ../../../../../Users/MacViktor/Documents/Programming/Cinder/cinder/blocks/Box2D/src/Box2D/Common/b2Math.h; sourceTree = "<group>"; };
		EBC9CBF96B8D432CBD901421 /* b2ChainShape.cpp */ = {isa = PBXFileReference; lastKnownFileType = sourcecode.c.cpp; name = b2ChainShape.cpp; path = ../../../../../Users/MacViktor/Documents/Programming/Cinder/cinder/blocks/Box2D/src/Box2D/Collision/Shapes/b2ChainShape.cpp; sourceTree = "<group>"; };
		F10FC22601EE4B34895EBC82 /* b2MouseJoint.cpp */ = {isa = PBXFileReference; lastKnownFileType = sourcecode.c.cpp; name = b2MouseJoint.cpp; path = ../../../../../Users/MacViktor/Documents/Programming/Cinder/cinder/blocks/Box2D/src/Box2D/Dynamics/Joints/b2MouseJoint.cpp; sourceTree = "<group>"; };
		F1C69C33DEB0464594B93447 /* b2ChainShape.h */ = {isa = PBXFileReference; lastKnownFileType = sourcecode.c.h; name = b2ChainShape.h; path = ../../../../../Users/MacViktor/Documents/Programming/Cinder/cinder/blocks/Box2D/src/Box2D/Collision/Shapes/b2ChainShape.h; sourceTree = "<group>"; };
		F2CED49D3A764029BA8D4C92 /* b2Joint.h */ = {isa = PBXFileReference; lastKnownFileType = sourcecode.c.h; name = b2Joint.h; path = ../../../../../Users/MacViktor/Documents/Programming/Cinder/cinder/blocks/Box2D/src/Box2D/Dynamics/Joints/b2Joint.h; sourceTree = "<group>"; };
		F37130D8E84742DB859B6D85 /* b2CollidePolygon.cpp */ = {isa = PBXFileReference; lastKnownFileType = sourcecode.c.cpp; name = b2CollidePolygon.cpp; path = ../../../../../Users/MacViktor/Documents/Programming/Cinder/cinder/blocks/Box2D/src/Box2D/Collision/b2CollidePolygon.cpp; sourceTree = "<group>"; };
		F47BDBAD1633432E8B8C20EB /* b2Settings.cpp */ = {isa = PBXFileReference; lastKnownFileType = sourcecode.c.cpp; name = b2Settings.cpp; path = ../../../../../Users/MacViktor/Documents/Programming/Cinder/cinder/blocks/Box2D/src/Box2D/Common/b2Settings.cpp; sourceTree = "<group>"; };
		F6620A3D015541068EE61BB4 /* b2RopeJoint.cpp */ = {isa = PBXFileReference; lastKnownFileType = sourcecode.c.cpp; name = b2RopeJoint.cpp; path = ../../../../../Users/MacViktor/Documents/Programming/Cinder/cinder/blocks/Box2D/src/Box2D/Dynamics/Joints/b2RopeJoint.cpp; sourceTree = "<group>"; };
		F67344BDCADE4267B301D569 /* b2Contact.h */ = {isa = PBXFileReference; lastKnownFileType = sourcecode.c.h; name = b2Contact.h; path = ../../../../../Users/MacViktor/Documents/Programming/Cinder/cinder/blocks/Box2D/src/Box2D/Dynamics/Contacts/b2Contact.h; sourceTree = "<group>"; };
		FED9735AB9534BC7AD32B68A /* b2PolygonAndCircleContact.cpp */ = {isa = PBXFileReference; lastKnownFileType = sourcecode.c.cpp; name = b2PolygonAndCircleContact.cpp; path = ../../../../../Users/MacViktor/Documents/Programming/Cinder/cinder/blocks/Box2D/src/Box2D/Dynamics/Contacts/b2PolygonAndCircleContact.cpp; sourceTree = "<group>"; };
		FFF539161B01408992805B97 /* b2EdgeShape.h */ = {isa = PBXFileReference; lastKnownFileType = sourcecode.c.h; name = b2EdgeShape.h; path = ../../../../../Users/MacViktor/Documents/Programming/Cinder/cinder/blocks/Box2D/src/Box2D/Collision/Shapes/b2EdgeShape.h; sourceTree = "<group>"; };
/* End PBXFileReference section */

/* Begin PBXFrameworksBuildPhase section */
		00692BCC14FF149000D0A05E /* Frameworks */ = {
			isa = PBXFrameworksBuildPhase;
			buildActionMask = 2147483647;
			files = (
				BFB9FBDD17CA5B3100F1C77C /* CoreMotion.framework in Frameworks */,
				C725E001121DAC8F00FA186B /* AVFoundation.framework in Frameworks */,
				C725DFFE121DAC7F00FA186B /* CoreMedia.framework in Frameworks */,
				C725E001121DAC8FFFFA18FF /* ImageIO.framework in Frameworks */,
				DDDDE001121DAC8FFFFADDDD /* MobileCoreServices.framework in Frameworks */,
				1D60589F0D05DD5A006BFB54 /* Foundation.framework in Frameworks */,
				1DF5F4E00D08C38300B7A737 /* UIKit.framework in Frameworks */,
				28FD15000DC6FC520079059D /* OpenGLES.framework in Frameworks */,
				28FD15080DC6FC5B0079059D /* QuartzCore.framework in Frameworks */,
				00CFDF6B1138442D0091E310 /* CoreGraphics.framework in Frameworks */,
				C727C02E121B400300192073 /* CoreVideo.framework in Frameworks */,
				C7FB19D6124BC0D70045AFD2 /* AudioToolbox.framework in Frameworks */,
				0087D25512CD809F002CD69F /* CoreText.framework in Frameworks */,
			);
			runOnlyForDeploymentPostprocessing = 0;
		};
/* End PBXFrameworksBuildPhase section */

/* Begin PBXGroup section */
		00692BC414FF149000D0A05E = {
			isa = PBXGroup;
			children = (
				BFB9FBDC17CA5B3100F1C77C /* CoreMotion.framework */,
				99692BD914FF149000DFFFFF /* Blocks */,
				99692BD914FF149000D0A05F /* Headers */,
				00692BD914FF149000D0A05E /* Source */,
				00692BD914FF149000D0FFFF /* Resources */,
				00692BD214FF149000D0A05E /* Frameworks */,
				00692BD014FF149000D0A05E /* Products */,
			);
			indentWidth = 2;
			sourceTree = "<group>";
			tabWidth = 2;
			usesTabs = 0;
		};
		00692BD014FF149000D0A05E /* Products */ = {
			isa = PBXGroup;
			children = (
				00692BCF14FF149000D0A05E /* PhysicsBox2d.app */,
			);
			name = Products;
			sourceTree = "<group>";
		};
		00692BD214FF149000D0A05E /* Frameworks */ = {
			isa = PBXGroup;
			children = (
				C7FB19D5124BC0D70045AFD2 /* AudioToolbox.framework */,
				C727C02B121B400300192073 /* CoreMedia.framework */,
				C727C02D121B400300192073 /* CoreVideo.framework */,
				28FD15070DC6FC5B0079059D /* QuartzCore.framework */,
				28FD14FF0DC6FC520079059D /* OpenGLES.framework */,
				1DF5F4DF0D08C38300B7A737 /* UIKit.framework */,
				1D30AB110D05D00D00671497 /* Foundation.framework */,
				00CFDF6A1138442D0091E310 /* CoreGraphics.framework */,
				00CFDF6A1138442D0091FFFF /* ImageIO.framework */,
				DDDDDF6A1138442D0091DDDD /* MobileCoreServices.framework */,
				C725E000121DAC8F00FA186B /* AVFoundation.framework */,
				0087D25412CD809F002CD69F /* CoreText.framework */,
			);
			name = Frameworks;
			sourceTree = "<group>";
		};
		00692BD914FF149000D0A05E /* Source */ = {
			isa = PBXGroup;
			children = (
				BFE3C01917CBE59800E47CF9 /* BoxParticle.cpp */,
				BFE3C01A17CBE59800E47CF9 /* BoxParticle.h */,
				BFE3C01B17CBE59800E47CF9 /* BoxParticleController.cpp */,
				BFE3C01C17CBE59800E47CF9 /* BoxParticleController.h */,
				BF082B8417C8A3F1005FC69A /* Conversions.h */,
				BF082B8517C8A3F1005FC69A /* Globals.cpp */,
				BF082B8617C8A3F1005FC69A /* Globals.h */,
				5518D4A7022F4D9D918BA15F /* PhysicsBox2dApp.cpp */,
			);
			name = Source;
			sourceTree = "<group>";
		};
		00692BD914FF149000D0FFFF /* Resources */ = {
			isa = PBXGroup;
			children = (
				BFDA7B7C17CFCCCE00E72AF0 /* basic particle 1.png */,
				00748057165D41390024B57A /* assets */,
				0453A421C5E4405DB99FDBCF /* CinderApp_ios.png */,
				4732096132AE4315ABD8241B /* Default-568h@2x.png */,
				345515345B6844BB9ABC7EDC /* Info.plist */,
			);
			name = Resources;
			sourceTree = "<group>";
		};
		2DAAE43DB4144F6CAEC65AA0 /* Common */ = {
			isa = PBXGroup;
			children = (
				605F92F369424B958BB5A528 /* b2BlockAllocator.cpp */,
				592F9FB49FBF450E8A249CB3 /* b2Draw.cpp */,
				D7295555A0AB45E8B33E04CB /* b2Math.cpp */,
				F47BDBAD1633432E8B8C20EB /* b2Settings.cpp */,
				4EC08C45733A4A80B096A539 /* b2StackAllocator.cpp */,
				545938A145D243579CE88F38 /* b2Timer.cpp */,
				56411894DB164ED09E457D33 /* b2BlockAllocator.h */,
				48AFE077396845AA85614420 /* b2Draw.h */,
				80DDCA2613D6400FBCF5D658 /* b2GrowableStack.h */,
				E99033F648384704BBD2FA1A /* b2Math.h */,
				C193FE4FCEEB42C98D7750EF /* b2Settings.h */,
				55C22819509E4167AEE7CF59 /* b2StackAllocator.h */,
				1A9C5A17B71843E98583ED7A /* b2Timer.h */,
			);
			name = Common;
			sourceTree = "<group>";
		};
		41A72125C9B44AA88786A22B /* Shapes */ = {
			isa = PBXGroup;
			children = (
				EBC9CBF96B8D432CBD901421 /* b2ChainShape.cpp */,
				163CF6035FD84D87A6FA8C09 /* b2CircleShape.cpp */,
				7D44685F95774B45AC89E33C /* b2EdgeShape.cpp */,
				1108B2559482444BB3912606 /* b2PolygonShape.cpp */,
				F1C69C33DEB0464594B93447 /* b2ChainShape.h */,
				493744968ABB4610BC6225E5 /* b2CircleShape.h */,
				FFF539161B01408992805B97 /* b2EdgeShape.h */,
				BEF2FFCCD7BA49D08526F63C /* b2PolygonShape.h */,
				E91AA4D1F59E411B98740A31 /* b2Shape.h */,
			);
			name = Shapes;
			sourceTree = "<group>";
		};
		4868D37084BA471EB348CF89 /* Collision */ = {
			isa = PBXGroup;
			children = (
				7BC2DE7BBB0447AD92D59324 /* b2BroadPhase.cpp */,
				87C7C77A19C849A6BECFBC72 /* b2CollideCircle.cpp */,
				08291439F15648F7A8DECA0A /* b2CollideEdge.cpp */,
				F37130D8E84742DB859B6D85 /* b2CollidePolygon.cpp */,
				6A35AEF65E1149E3B09F5484 /* b2Collision.cpp */,
				0C617A4532DB4C9488553393 /* b2Distance.cpp */,
				70CDE07F045242C682918305 /* b2DynamicTree.cpp */,
				558610CB9C004308B4CC8C3E /* b2TimeOfImpact.cpp */,
				AD90853729174C21B3DB1B27 /* b2BroadPhase.h */,
				2902337C5449454E97F9C743 /* b2Collision.h */,
				A6D459B62F6A40C18D8EEA0E /* b2Distance.h */,
				A8284C6F10C54FE989E4A3E4 /* b2DynamicTree.h */,
				0CA6C1DF7A9649839F3457C2 /* b2TimeOfImpact.h */,
				41A72125C9B44AA88786A22B /* Shapes */,
			);
			name = Collision;
			sourceTree = "<group>";
		};
		629B0F8A76254C479EE8132A /* Contacts */ = {
			isa = PBXGroup;
			children = (
				7615BF463EDE40A885B32246 /* b2ChainAndCircleContact.cpp */,
				428037F66E90473691A95B71 /* b2ChainAndPolygonContact.cpp */,
				5DA611EB0F904B1888CD4915 /* b2CircleContact.cpp */,
				73B438F7551045989DB07265 /* b2Contact.cpp */,
				6444FD2F0E5F4DCE937B3A00 /* b2ContactSolver.cpp */,
				2DFE50FE10704B87BF824D8A /* b2EdgeAndCircleContact.cpp */,
				E1AB857831724F51B90455E8 /* b2EdgeAndPolygonContact.cpp */,
				FED9735AB9534BC7AD32B68A /* b2PolygonAndCircleContact.cpp */,
				B27394C1AC084B5383564196 /* b2PolygonContact.cpp */,
				B9986D2CD1914AD283FBE740 /* b2ChainAndCircleContact.h */,
				DA6EA355F2FB46599325C86C /* b2ChainAndPolygonContact.h */,
				16E0F65696374F63A1086ED6 /* b2CircleContact.h */,
				F67344BDCADE4267B301D569 /* b2Contact.h */,
				3000180C93284B0E9DCBCDF6 /* b2ContactSolver.h */,
				841B6AD965CA464DAC40D9A5 /* b2EdgeAndCircleContact.h */,
				03C4DA180B014665919196AD /* b2EdgeAndPolygonContact.h */,
				C1A13C80C44B48568ACF8235 /* b2PolygonAndCircleContact.h */,
				578C303EB5764E6BAA014098 /* b2PolygonContact.h */,
			);
			name = Contacts;
			sourceTree = "<group>";
		};
		820DE324AADE4D31BC8ACF8E /* Rope */ = {
			isa = PBXGroup;
			children = (
				5ACC3C0F7C9648849429271A /* b2Rope.cpp */,
				9D36FB9FB9E945F8B0972AA5 /* b2Rope.h */,
			);
			name = Rope;
			sourceTree = "<group>";
		};
		8400DADFAB824DB0818F1ADA /* src */ = {
			isa = PBXGroup;
			children = (
				F11665966E7945778EFFB954 /* Box2D */,
			);
			name = src;
			sourceTree = "<group>";
		};
		99692BD914FF149000D0A05F /* Headers */ = {
			isa = PBXGroup;
			children = (
				BC2B391BB74446C197CCC56B /* Resources.h */,
				66A85869C3D747EFBE557C18 /* PhysicsBox2d_Prefix.pch */,
			);
			name = Headers;
			sourceTree = "<group>";
		};
		99692BD914FF149000DFFFFF /* Blocks */ = {
			isa = PBXGroup;
			children = (
				BFE3C01F17CBE5A300E47CF9 /* Mine */,
				BFB9FBD417CA58D600F1C77C /* MotionManager */,
				B3BBDAD04EAD43ECAA36C502 /* Box2D */,
			);
			name = Blocks;
			sourceTree = "<group>";
		};
		B3BBDAD04EAD43ECAA36C502 /* Box2D */ = {
			isa = PBXGroup;
			children = (
				8400DADFAB824DB0818F1ADA /* src */,
			);
			name = Box2D;
			sourceTree = "<group>";
		};
		BC4DF4B10593452CA1D7FE86 /* Dynamics */ = {
			isa = PBXGroup;
			children = (
				8085E36973F34A7FA1A8844B /* b2Body.cpp */,
				C141EE93A24B4A0388B6B712 /* b2ContactManager.cpp */,
				743C977856334A59964C6539 /* b2Fixture.cpp */,
				51806CD9D8784A84936D23DF /* b2Island.cpp */,
				E57F63B3D51546298266A70A /* b2World.cpp */,
				0A988B357E2F419C97CB3B4F /* b2WorldCallbacks.cpp */,
				DF4089AB83754EFC8E0F68B3 /* b2Body.h */,
				0FD8497FEB874AC3A633F266 /* b2ContactManager.h */,
				C811D0E8301F473CAAB71F78 /* b2Fixture.h */,
				81EF48DC5B3E4CA2905B1C16 /* b2Island.h */,
				76844AF9C079460D920F69C9 /* b2TimeStep.h */,
				C542ACB2DB474084BA6FD707 /* b2World.h */,
				D0B9D28231EC4A91972045FA /* b2WorldCallbacks.h */,
				629B0F8A76254C479EE8132A /* Contacts */,
				DCEB8C2E08C84BFD9677D21E /* Joints */,
			);
			name = Dynamics;
			sourceTree = "<group>";
		};
		BFB9FBD417CA58D600F1C77C /* MotionManager */ = {
			isa = PBXGroup;
			children = (
				BFB9FBD517CA58E200F1C77C /* src */,
			);
			name = MotionManager;
			sourceTree = "<group>";
		};
		BFB9FBD517CA58E200F1C77C /* src */ = {
			isa = PBXGroup;
			children = (
				BFB9FBD617CA591200F1C77C /* MotionImplCoreMotion.h */,
				BFB9FBD717CA591200F1C77C /* MotionImplCoreMotion.mm */,
				BFB9FBD817CA591200F1C77C /* MotionManager.cpp */,
				BFB9FBD917CA591200F1C77C /* MotionManager.h */,
			);
			name = src;
			sourceTree = "<group>";
		};
		BFE3C01F17CBE5A300E47CF9 /* Mine */ = {
			isa = PBXGroup;
			children = (
				BFE3C02917CBE5FF00E47CF9 /* include */,
				BFE3C02017CBE5B000E47CF9 /* src */,
			);
			name = Mine;
			sourceTree = "<group>";
		};
		BFE3C02017CBE5B000E47CF9 /* src */ = {
			isa = PBXGroup;
			children = (
				BFDB564017CFEDFD0041AA90 /* MovingCamera.cpp */,
				BFE3C02117CBE5F800E47CF9 /* Emitter.cpp */,
				BFE3C02217CBE5F800E47CF9 /* Particle.cpp */,
				BFE3C02317CBE5F800E47CF9 /* ParticleSystem.cpp */,
				BFE3C02417CBE5F800E47CF9 /* SpriteDataParser.cpp */,
			);
			name = src;
			sourceTree = "<group>";
		};
		BFE3C02917CBE5FF00E47CF9 /* include */ = {
			isa = PBXGroup;
			children = (
				BFDB563817CFEDEB0041AA90 /* MovingCamera.h */,
				BFD9D8FD17CD391600F2D8CF /* ShaderHelper.h */,
				BFE3C02A17CBE64000E47CF9 /* AreaEmitter.h */,
				BFE3C02B17CBE64000E47CF9 /* BaseMaterial.h */,
				BFE3C02C17CBE64000E47CF9 /* BloomEffect.h */,
				BFE3C02D17CBE64000E47CF9 /* BSpline.h */,
				BFE3C02E17CBE64000E47CF9 /* ColorModifier.h */,
				BFE3C02F17CBE64000E47CF9 /* CommonModifier.h */,
				BFE3C03017CBE64000E47CF9 /* Emitter.h */,
				BFE3C03117CBE64000E47CF9 /* FluidModifier.h */,
				BFE3C03217CBE64000E47CF9 /* GravityModifier.h */,
				BFE3C03317CBE64000E47CF9 /* ImageEmitter.h */,
				BFE3C03417CBE64000E47CF9 /* Modifier.h */,
				BFE3C03517CBE64000E47CF9 /* Particle.h */,
				BFE3C03617CBE64000E47CF9 /* ParticleSystem.h */,
				BFE3C03717CBE64000E47CF9 /* ParticleSystemManager.h */,
				BFE3C03817CBE64000E47CF9 /* PerlinModifier.h */,
				BFE3C03917CBE64000E47CF9 /* PointEmitter.h */,
				BFE3C03A17CBE64000E47CF9 /* PointGravityModifier.h */,
				BFE3C03B17CBE64000E47CF9 /* SpriteData.h */,
				BFE3C03C17CBE64000E47CF9 /* SpriteDataParser.h */,
				BFE3C03D17CBE64000E47CF9 /* VideoEmitter.h */,
				BFE3C03E17CBE64000E47CF9 /* VortexModifier.h */,
			);
			name = include;
			sourceTree = "<group>";
		};
		DCEB8C2E08C84BFD9677D21E /* Joints */ = {
			isa = PBXGroup;
			children = (
				9E0086F97D974136B61BE350 /* b2DistanceJoint.cpp */,
				0DD53C066405460AA2F2C914 /* b2FrictionJoint.cpp */,
				262271D9E1F74358BA39C558 /* b2GearJoint.cpp */,
				7B4EE456531A44F7A9152740 /* b2Joint.cpp */,
				F10FC22601EE4B34895EBC82 /* b2MouseJoint.cpp */,
				DAE79C5CEB23432BA7C4E37E /* b2PrismaticJoint.cpp */,
				D2683FD2C3F34D389D55AC58 /* b2PulleyJoint.cpp */,
				31F7F68878E24C388D949D3B /* b2RevoluteJoint.cpp */,
				F6620A3D015541068EE61BB4 /* b2RopeJoint.cpp */,
				D796F31C35014FD98EBAF645 /* b2WeldJoint.cpp */,
				C762C6D1C9B042EA8648C492 /* b2WheelJoint.cpp */,
				58BA301C4AB84CB0ABA5C98B /* b2DistanceJoint.h */,
				684146C401C847F68FB5DC10 /* b2FrictionJoint.h */,
				0AF22FD73CD34447875CCCA3 /* b2GearJoint.h */,
				F2CED49D3A764029BA8D4C92 /* b2Joint.h */,
				B0347E87BB85453B95307871 /* b2MouseJoint.h */,
				92C761D0609846EC8AB0D442 /* b2PrismaticJoint.h */,
				99A72068C142470DA08AB170 /* b2PulleyJoint.h */,
				5183D3AF560B494C9BC348EF /* b2RevoluteJoint.h */,
				74C0A2D282B840D292CA6BB0 /* b2RopeJoint.h */,
				51D740D38364424F8308AC0A /* b2WeldJoint.h */,
				35D7CB43299C45D986D9230A /* b2WheelJoint.h */,
			);
			name = Joints;
			sourceTree = "<group>";
		};
		F11665966E7945778EFFB954 /* Box2D */ = {
			isa = PBXGroup;
			children = (
				4868D37084BA471EB348CF89 /* Collision */,
				2DAAE43DB4144F6CAEC65AA0 /* Common */,
				BC4DF4B10593452CA1D7FE86 /* Dynamics */,
				820DE324AADE4D31BC8ACF8E /* Rope */,
				833FEE29DAEC4A148C3B102E /* Box2d.h */,
			);
			name = Box2D;
			sourceTree = "<group>";
		};
/* End PBXGroup section */

/* Begin PBXNativeTarget section */
		00692BCE14FF149000D0A05E /* PhysicsBox2d */ = {
			isa = PBXNativeTarget;
			buildConfigurationList = 00692BF514FF149000D0A05E /* Build configuration list for PBXNativeTarget "PhysicsBox2d" */;
			buildPhases = (
				00692BCB14FF149000D0A05E /* Sources */,
				00692BCC14FF149000D0A05E /* Frameworks */,
				00692BCD14FF149000D0A05E /* Resources */,
			);
			buildRules = (
			);
			dependencies = (
			);
			name = PhysicsBox2d;
			productName = PhysicsBox2d;
			productReference = 00692BCF14FF149000D0A05E /* PhysicsBox2d.app */;
			productType = "com.apple.product-type.application";
		};
/* End PBXNativeTarget section */

/* Begin PBXProject section */
		00692BC614FF149000D0A05E /* Project object */ = {
			isa = PBXProject;
			buildConfigurationList = 00692BC914FF149000D0A05E /* Build configuration list for PBXProject "PhysicsBox2d" */;
			compatibilityVersion = "Xcode 3.2";
			developmentRegion = English;
			hasScannedForEncodings = 0;
			knownRegions = (
				en,
			);
			mainGroup = 00692BC414FF149000D0A05E;
			productRefGroup = 00692BD014FF149000D0A05E /* Products */;
			projectDirPath = "";
			projectRoot = "";
			targets = (
				00692BCE14FF149000D0A05E /* PhysicsBox2d */,
			);
		};
/* End PBXProject section */

/* Begin PBXResourcesBuildPhase section */
		00692BCD14FF149000D0A05E /* Resources */ = {
			isa = PBXResourcesBuildPhase;
			buildActionMask = 2147483647;
			files = (
				00748058165D41390024B57A /* assets in Resources */,
				56AB681AC3D64997819195A4 /* CinderApp_ios.png in Resources */,
				AE5F59CFFC8A43B1902E938B /* Default-568h@2x.png in Resources */,
				BFDA7B7D17CFCCCE00E72AF0 /* basic particle 1.png in Resources */,
			);
			runOnlyForDeploymentPostprocessing = 0;
		};
/* End PBXResourcesBuildPhase section */

/* Begin PBXSourcesBuildPhase section */
		00692BCB14FF149000D0A05E /* Sources */ = {
			isa = PBXSourcesBuildPhase;
			buildActionMask = 2147483647;
			files = (
				4B1DF5683DEB4766B29AD0FC /* PhysicsBox2dApp.cpp in Sources */,
				C406E793CDE146B2B5BBEF14 /* b2BroadPhase.cpp in Sources */,
				0A2F916AC0394E1D9CDE735D /* b2CollideCircle.cpp in Sources */,
				A4140CAC850448998BC28EAA /* b2CollideEdge.cpp in Sources */,
				DA26F188A73B4DF8919F42C0 /* b2CollidePolygon.cpp in Sources */,
				2D0A85EFDEAF47ECA1EEBB08 /* b2Collision.cpp in Sources */,
				A9D75EAA83A741BC91BB4AA4 /* b2Distance.cpp in Sources */,
				659A5E1041814FCA82923EEC /* b2DynamicTree.cpp in Sources */,
				3583895380DF4A508F4D299F /* b2TimeOfImpact.cpp in Sources */,
				0A1A78D554FC4B36974D4BC1 /* b2ChainShape.cpp in Sources */,
				58AD87621AC242AEB84C8A55 /* b2CircleShape.cpp in Sources */,
				0CE55B0B6E4E49009200019F /* b2EdgeShape.cpp in Sources */,
				8123F0DF0FDC437F9BBBBF6F /* b2PolygonShape.cpp in Sources */,
				2CCEF7210EBE468C9ECADA95 /* b2BlockAllocator.cpp in Sources */,
				8AC9FA0F5C5F4639878E08CE /* b2Draw.cpp in Sources */,
				134C42B855BD41DE8947A683 /* b2Math.cpp in Sources */,
				5BCCDF5457454E4DB3D985CB /* b2Settings.cpp in Sources */,
				0858A034F9B64BB794860F72 /* b2StackAllocator.cpp in Sources */,
				C5200E6C1ED34BF78F7DE506 /* b2Timer.cpp in Sources */,
				25414F8D6AD74B4AAFAE5834 /* b2Body.cpp in Sources */,
				623CA6285DCB499ABB147FF4 /* b2ContactManager.cpp in Sources */,
				E426C29A2F3F4B919AE8C859 /* b2Fixture.cpp in Sources */,
				EF32550B74634D3D9FB9093F /* b2Island.cpp in Sources */,
				3E8EAA4297134E9489EE2A44 /* b2World.cpp in Sources */,
				6519A750BCE3419B8F8457D7 /* b2WorldCallbacks.cpp in Sources */,
				A29DA40F6F124D079902C314 /* b2ChainAndCircleContact.cpp in Sources */,
				10E3BC04FA284A4EA7C38347 /* b2ChainAndPolygonContact.cpp in Sources */,
				9B41BAC761D64DAEBE0D87CE /* b2CircleContact.cpp in Sources */,
				8DC925A8BD3B47A6A260B6A2 /* b2Contact.cpp in Sources */,
				98C0A540657A4BC0AB99C774 /* b2ContactSolver.cpp in Sources */,
				782944B7CC3F4CB880BB6AAD /* b2EdgeAndCircleContact.cpp in Sources */,
				594253E6FF564680A5DF496A /* b2EdgeAndPolygonContact.cpp in Sources */,
				3100D790EE28480BA47CBB79 /* b2PolygonAndCircleContact.cpp in Sources */,
				C8A06A8EB37F44C08AD8B053 /* b2PolygonContact.cpp in Sources */,
				2F4C126E6E8F4587A01DFDA9 /* b2DistanceJoint.cpp in Sources */,
				860DB15C348940D287150848 /* b2FrictionJoint.cpp in Sources */,
				2FEE7051E27546E1B88BD35B /* b2GearJoint.cpp in Sources */,
				7AEB2E5BAFFB4780AD73612C /* b2Joint.cpp in Sources */,
				7B93505EC5CF40DC8A6E5C6A /* b2MouseJoint.cpp in Sources */,
				DE1FAC7C0A4C4151B064CFBE /* b2PrismaticJoint.cpp in Sources */,
				20C2D31D616C4C338C79BA9D /* b2PulleyJoint.cpp in Sources */,
				E9E6A79A83304162800B939B /* b2RevoluteJoint.cpp in Sources */,
				5F443F880FF3450189F96B11 /* b2RopeJoint.cpp in Sources */,
				9D2E23D8837543B2B95C6A86 /* b2WeldJoint.cpp in Sources */,
				495DB96FFA9A4B23B6AF321B /* b2WheelJoint.cpp in Sources */,
				D2F71500C0544BF2BDF9BE22 /* b2Rope.cpp in Sources */,
				BF082B8717C8A3F1005FC69A /* Globals.cpp in Sources */,
				BFB9FBDA17CA591200F1C77C /* MotionImplCoreMotion.mm in Sources */,
				BFB9FBDB17CA591200F1C77C /* MotionManager.cpp in Sources */,
				BFE3C01D17CBE59800E47CF9 /* BoxParticle.cpp in Sources */,
				BFE3C01E17CBE59800E47CF9 /* BoxParticleController.cpp in Sources */,
				BFE3C02517CBE5F800E47CF9 /* Emitter.cpp in Sources */,
				BFE3C02617CBE5F800E47CF9 /* Particle.cpp in Sources */,
				BFE3C02717CBE5F800E47CF9 /* ParticleSystem.cpp in Sources */,
				BFE3C02817CBE5F800E47CF9 /* SpriteDataParser.cpp in Sources */,
				BFDB566717CFEDFD0041AA90 /* MovingCamera.cpp in Sources */,
			);
			runOnlyForDeploymentPostprocessing = 0;
		};
/* End PBXSourcesBuildPhase section */

/* Begin XCBuildConfiguration section */
		00692BF314FF149000D0A05E /* Debug */ = {
			isa = XCBuildConfiguration;
			buildSettings = {
				ALWAYS_SEARCH_USER_PATHS = NO;
				ARCHS = "$(ARCHS_STANDARD_32_BIT)";
				CINDER_PATH = ../../../../../Users/MacViktor/Documents/Programming/Cinder/cinder;
				CLANG_CXX_LANGUAGE_STANDARD = "c++0x";
				CLANG_CXX_LIBRARY = "libc++";
				CODE_SIGN_IDENTITY = "iPhone Developer: Martin Lindskog (EFMU77MV54)";
				"CODE_SIGN_IDENTITY[sdk=iphoneos*]" = "iPhone Developer: Martin Lindskog (EFMU77MV54)";
				COPY_PHASE_STRIP = NO;
				DEAD_CODE_STRIPPING = YES;
				GCC_C_LANGUAGE_STANDARD = gnu99;
				GCC_DYNAMIC_NO_PIC = NO;
				GCC_OPTIMIZATION_LEVEL = 0;
				GCC_PREPROCESSOR_DEFINITIONS = (
					"DEBUG=1",
					"$(inherited)",
				);
				GCC_SYMBOLS_PRIVATE_EXTERN = NO;
				GCC_VERSION = com.apple.compilers.llvm.clang.1_0;
				GCC_WARN_ABOUT_MISSING_PROTOTYPES = YES;
				GCC_WARN_ABOUT_RETURN_TYPE = YES;
				GCC_WARN_UNUSED_VARIABLE = YES;
				HEADER_SEARCH_PATHS = (
					"\"$(CINDER_PATH)/boost\"",
					../../../../../Users/MacViktor/Documents/Programming/Cinder/cinder/blocks/Box2D/src,
				);
				IPHONEOS_DEPLOYMENT_TARGET = 5.0;
				PROVISIONING_PROFILE = "BCF8C2DA-731F-4A2F-A6FE-8D32FFABBC4A";
				"PROVISIONING_PROFILE[sdk=iphoneos*]" = "BCF8C2DA-731F-4A2F-A6FE-8D32FFABBC4A";
				SDKROOT = iphoneos;
				TARGETED_DEVICE_FAMILY = "1,2";
				USER_HEADER_SEARCH_PATHS = "\"$(CINDER_PATH)/include\" ../include";
			};
			name = Debug;
		};
		00692BF414FF149000D0A05E /* Release */ = {
			isa = XCBuildConfiguration;
			buildSettings = {
				ALWAYS_SEARCH_USER_PATHS = NO;
				ARCHS = "$(ARCHS_STANDARD_32_BIT)";
				CINDER_PATH = ../../../../../Users/MacViktor/Documents/Programming/Cinder/cinder;
				CLANG_CXX_LANGUAGE_STANDARD = "c++0x";
				CLANG_CXX_LIBRARY = "libc++";
				CODE_SIGN_IDENTITY = "iPhone Developer: Martin Lindskog (EFMU77MV54)";
				"CODE_SIGN_IDENTITY[sdk=iphoneos*]" = "iPhone Developer: Martin Lindskog (EFMU77MV54)";
				COPY_PHASE_STRIP = YES;
				DEAD_CODE_STRIPPING = YES;
				GCC_C_LANGUAGE_STANDARD = gnu99;
				GCC_VERSION = com.apple.compilers.llvm.clang.1_0;
				GCC_WARN_ABOUT_MISSING_PROTOTYPES = YES;
				GCC_WARN_ABOUT_RETURN_TYPE = YES;
				GCC_WARN_UNUSED_VARIABLE = YES;
				HEADER_SEARCH_PATHS = (
					"\"$(CINDER_PATH)/boost\"",
					../../../../../Users/MacViktor/Documents/Programming/Cinder/cinder/blocks/Box2D/src,
				);
				IPHONEOS_DEPLOYMENT_TARGET = 5.0;
				OTHER_CFLAGS = "-DNS_BLOCK_ASSERTIONS=1";
				PROVISIONING_PROFILE = "BCF8C2DA-731F-4A2F-A6FE-8D32FFABBC4A";
				"PROVISIONING_PROFILE[sdk=iphoneos*]" = "BCF8C2DA-731F-4A2F-A6FE-8D32FFABBC4A";
				SDKROOT = iphoneos;
				TARGETED_DEVICE_FAMILY = "1,2";
				USER_HEADER_SEARCH_PATHS = "\"$(CINDER_PATH)/include\" ../include";
				VALIDATE_PRODUCT = YES;
			};
			name = Release;
		};
		00692BF614FF149000D0A05E /* Debug */ = {
			isa = XCBuildConfiguration;
			buildSettings = {
				GCC_PRECOMPILE_PREFIX_HEADER = YES;
				GCC_PREFIX_HEADER = PhysicsBox2d_Prefix.pch;
				HEADER_SEARCH_PATHS = (
					"\"$(CINDER_PATH)/boost\"",
					../../../../../Users/MacViktor/Documents/Programming/Cinder/cinder/blocks/MotionManager/src,
					../../../../../Users/MacViktor/Documents/Programming/Cinder/cinder/blocks/Box2D/src,
					CinderProjects/CinderGraphicsLib/include,
				);
				INFOPLIST_FILE = Info.plist;
				"OTHER_LDFLAGS[sdk=iphoneos*][arch=*]" = (
					"\"$(CINDER_PATH)/lib/libcinder-iphone_d.a\"",
					"-lz",
				);
				"OTHER_LDFLAGS[sdk=iphonesimulator*][arch=*]" = (
					"\"$(CINDER_PATH)/lib/libcinder-iphone-sim_d.a\"",
					"-lz",
				);
				PRODUCT_NAME = "$(TARGET_NAME)";
				WRAPPER_EXTENSION = app;
			};
			name = Debug;
		};
		00692BF714FF149000D0A05E /* Release */ = {
			isa = XCBuildConfiguration;
			buildSettings = {
				GCC_PRECOMPILE_PREFIX_HEADER = YES;
				GCC_PREFIX_HEADER = PhysicsBox2d_Prefix.pch;
				HEADER_SEARCH_PATHS = (
					"\"$(CINDER_PATH)/boost\"",
					../../../../../Users/MacViktor/Documents/Programming/Cinder/cinder/blocks/MotionManager/src,
					../../../../../Users/MacViktor/Documents/Programming/Cinder/cinder/blocks/Box2D/src,
					CinderProjects/CinderGraphicsLib/include,
				);
				INFOPLIST_FILE = Info.plist;
				"OTHER_LDFLAGS[sdk=iphoneos*][arch=*]" = (
					"\"$(CINDER_PATH)/lib/libcinder-iphone.a\"",
					"-lz",
				);
				"OTHER_LDFLAGS[sdk=iphonesimulator*][arch=*]" = (
					"\"$(CINDER_PATH)/lib/libcinder-iphone-sim.a\"",
					"-lz",
				);
				PRODUCT_NAME = "$(TARGET_NAME)";
				WRAPPER_EXTENSION = app;
			};
			name = Release;
		};
/* End XCBuildConfiguration section */

/* Begin XCConfigurationList section */
		00692BC914FF149000D0A05E /* Build configuration list for PBXProject "PhysicsBox2d" */ = {
			isa = XCConfigurationList;
			buildConfigurations = (
				00692BF314FF149000D0A05E /* Debug */,
				00692BF414FF149000D0A05E /* Release */,
			);
			defaultConfigurationIsVisible = 0;
			defaultConfigurationName = Release;
		};
		00692BF514FF149000D0A05E /* Build configuration list for PBXNativeTarget "PhysicsBox2d" */ = {
			isa = XCConfigurationList;
			buildConfigurations = (
				00692BF614FF149000D0A05E /* Debug */,
				00692BF714FF149000D0A05E /* Release */,
			);
			defaultConfigurationIsVisible = 0;
			defaultConfigurationName = Release;
		};
/* End XCConfigurationList section */
	};
	rootObject = 00692BC614FF149000D0A05E /* Project object */;
}
