<?xml version="1.0" encoding="utf-8"?>
<Project ToolsVersion="4.0" xmlns="http://schemas.microsoft.com/developer/msbuild/2003">
  <ItemGroup>
    <Filter Include="Source Files">
      <UniqueIdentifier>{4FC737F1-C7A5-4376-A066-2A32D752A2FF}</UniqueIdentifier>
      <Extensions>cpp;c;cc;cxx;def;odl;idl;hpj;bat;asm;asmx</Extensions>
    </Filter>
    <Filter Include="Header Files">
      <UniqueIdentifier>{93995380-89BD-4b04-88EB-625FBE52EBFB}</UniqueIdentifier>
      <Extensions>h;hpp;hxx;hm;inl;inc;xsd</Extensions>
    </Filter>
    <Filter Include="Resource Files">
      <UniqueIdentifier>{67DA6AB6-F800-4c08-8B7A-83BB121AAD01}</UniqueIdentifier>
      <Extensions>rc;ico;cur;bmp;dlg;rc2;rct;bin;rgs;gif;jpg;jpeg;jpe;resx;tiff;tif;png;wav</Extensions>
    </Filter>
    <Filter Include="Blocks">
      <UniqueIdentifier>{04C48E84-BAE5-4299-999B-4CCD876C9D79}</UniqueIdentifier>
    </Filter>
    <Filter Include="Blocks\Box2D">
      <UniqueIdentifier>{0CD7B9F3-478B-434E-BAC1-A8F798A0DE48}</UniqueIdentifier>
    </Filter>
    <Filter Include="Blocks\Box2D\src">
      <UniqueIdentifier>{D203FC66-965D-4BE6-9F99-CD4B0C34F6E8}</UniqueIdentifier>
    </Filter>
    <Filter Include="Blocks\Box2D\src\Box2D">
      <UniqueIdentifier>{595BD2D5-B31C-40CE-BBD6-F4AD6468C570}</UniqueIdentifier>
    </Filter>
    <Filter Include="Blocks\Box2D\src\Box2D\Collision">
      <UniqueIdentifier>{04316969-6044-48E5-85BA-F1F987ECC109}</UniqueIdentifier>
    </Filter>
    <Filter Include="Blocks\Box2D\src\Box2D\Collision\Shapes">
      <UniqueIdentifier>{80E080CF-BB7E-4B59-8992-91638AE07859}</UniqueIdentifier>
    </Filter>
    <Filter Include="Blocks\Box2D\src\Box2D\Common">
      <UniqueIdentifier>{1D830ED0-CD66-4CEC-8D3D-0DAA13D98A58}</UniqueIdentifier>
    </Filter>
    <Filter Include="Blocks\Box2D\src\Box2D\Dynamics">
      <UniqueIdentifier>{DF435F84-B54D-4252-B2A9-4D6FE61840CC}</UniqueIdentifier>
    </Filter>
    <Filter Include="Blocks\Box2D\src\Box2D\Dynamics\Contacts">
      <UniqueIdentifier>{DD679CF3-0C44-4942-8B11-F0D0DA2E1CB1}</UniqueIdentifier>
    </Filter>
    <Filter Include="Blocks\Box2D\src\Box2D\Dynamics\Joints">
      <UniqueIdentifier>{D8C662F6-7836-4144-BC1B-1039DADA0171}</UniqueIdentifier>
    </Filter>
    <Filter Include="Blocks\Box2D\src\Box2D\Rope">
      <UniqueIdentifier>{EDD2310D-7B25-4206-A73F-C36EC9889A4C}</UniqueIdentifier>
    </Filter>
    <Filter Include="Blocks\MotionManager">
      <UniqueIdentifier>{48b8041a-0658-4e6e-9b33-ff1de393d1f5}</UniqueIdentifier>
    </Filter>
    <Filter Include="Blocks\MotionManager\src">
      <UniqueIdentifier>{1207acac-e352-450a-8b3e-32d739f39024}</UniqueIdentifier>
    </Filter>
    <Filter Include="Blocks\Mine">
      <UniqueIdentifier>{62494e75-2b27-4185-8edb-7dc0959065a7}</UniqueIdentifier>
    </Filter>
    <Filter Include="Blocks\Mine\include">
      <UniqueIdentifier>{fa4be7a5-ca93-449b-9256-afb34ca0bbef}</UniqueIdentifier>
    </Filter>
    <Filter Include="Blocks\Mine\src">
      <UniqueIdentifier>{61cfabb4-85e1-4ac7-9d97-0fd6a8cd8288}</UniqueIdentifier>
    </Filter>
    <Filter Include="Source Files\enemies">
      <UniqueIdentifier>{4a5863a9-d043-4b69-a77d-e3dd13c4bc05}</UniqueIdentifier>
    </Filter>
    <Filter Include="Source Files\vessels">
      <UniqueIdentifier>{88cec924-f560-43c7-bb67-cefbda095bc6}</UniqueIdentifier>
    </Filter>
    <Filter Include="Source Files\world">
      <UniqueIdentifier>{fdb14c21-2d50-4bf8-8097-40781e9ff184}</UniqueIdentifier>
    </Filter>
  </ItemGroup>
  <ItemGroup>
    <ClCompile Include="..\src\SpacewarsApp.cpp">
      <Filter>Source Files</Filter>
    </ClCompile>
    <ClCompile Include="..\src\SpacewarsApp.cpp">
      <Filter>Source Files</Filter>
    </ClCompile>
    <ClInclude Include="..\include\Resources.h">
      <Filter>Header Files</Filter>
    </ClInclude>
    <ClCompile Include="..\..\..\cinder\blocks\Box2D\src\Box2D\Collision\b2BroadPhase.cpp">
      <Filter>Blocks\Box2D\src\Box2D\Collision</Filter>
    </ClCompile>
    <ClCompile Include="..\..\..\cinder\blocks\Box2D\src\Box2D\Collision\b2CollideCircle.cpp">
      <Filter>Blocks\Box2D\src\Box2D\Collision</Filter>
    </ClCompile>
    <ClCompile Include="..\..\..\cinder\blocks\Box2D\src\Box2D\Collision\b2CollideEdge.cpp">
      <Filter>Blocks\Box2D\src\Box2D\Collision</Filter>
    </ClCompile>
    <ClCompile Include="..\..\..\cinder\blocks\Box2D\src\Box2D\Collision\b2CollidePolygon.cpp">
      <Filter>Blocks\Box2D\src\Box2D\Collision</Filter>
    </ClCompile>
    <ClCompile Include="..\..\..\cinder\blocks\Box2D\src\Box2D\Collision\b2Collision.cpp">
      <Filter>Blocks\Box2D\src\Box2D\Collision</Filter>
    </ClCompile>
    <ClCompile Include="..\..\..\cinder\blocks\Box2D\src\Box2D\Collision\b2Distance.cpp">
      <Filter>Blocks\Box2D\src\Box2D\Collision</Filter>
    </ClCompile>
    <ClCompile Include="..\..\..\cinder\blocks\Box2D\src\Box2D\Collision\b2DynamicTree.cpp">
      <Filter>Blocks\Box2D\src\Box2D\Collision</Filter>
    </ClCompile>
    <ClCompile Include="..\..\..\cinder\blocks\Box2D\src\Box2D\Collision\b2TimeOfImpact.cpp">
      <Filter>Blocks\Box2D\src\Box2D\Collision</Filter>
    </ClCompile>
    <ClInclude Include="..\..\..\cinder\blocks\Box2D\src\Box2D\Collision\b2BroadPhase.h">
      <Filter>Blocks\Box2D\src\Box2D\Collision</Filter>
    </ClInclude>
    <ClInclude Include="..\..\..\cinder\blocks\Box2D\src\Box2D\Collision\b2Collision.h">
      <Filter>Blocks\Box2D\src\Box2D\Collision</Filter>
    </ClInclude>
    <ClInclude Include="..\..\..\cinder\blocks\Box2D\src\Box2D\Collision\b2Distance.h">
      <Filter>Blocks\Box2D\src\Box2D\Collision</Filter>
    </ClInclude>
    <ClInclude Include="..\..\..\cinder\blocks\Box2D\src\Box2D\Collision\b2DynamicTree.h">
      <Filter>Blocks\Box2D\src\Box2D\Collision</Filter>
    </ClInclude>
    <ClInclude Include="..\..\..\cinder\blocks\Box2D\src\Box2D\Collision\b2TimeOfImpact.h">
      <Filter>Blocks\Box2D\src\Box2D\Collision</Filter>
    </ClInclude>
    <ClCompile Include="..\..\..\cinder\blocks\Box2D\src\Box2D\Collision\Shapes\b2ChainShape.cpp">
      <Filter>Blocks\Box2D\src\Box2D\Collision\Shapes</Filter>
    </ClCompile>
    <ClCompile Include="..\..\..\cinder\blocks\Box2D\src\Box2D\Collision\Shapes\b2CircleShape.cpp">
      <Filter>Blocks\Box2D\src\Box2D\Collision\Shapes</Filter>
    </ClCompile>
    <ClCompile Include="..\..\..\cinder\blocks\Box2D\src\Box2D\Collision\Shapes\b2EdgeShape.cpp">
      <Filter>Blocks\Box2D\src\Box2D\Collision\Shapes</Filter>
    </ClCompile>
    <ClCompile Include="..\..\..\cinder\blocks\Box2D\src\Box2D\Collision\Shapes\b2PolygonShape.cpp">
      <Filter>Blocks\Box2D\src\Box2D\Collision\Shapes</Filter>
    </ClCompile>
    <ClInclude Include="..\..\..\cinder\blocks\Box2D\src\Box2D\Collision\Shapes\b2ChainShape.h">
      <Filter>Blocks\Box2D\src\Box2D\Collision\Shapes</Filter>
    </ClInclude>
    <ClInclude Include="..\..\..\cinder\blocks\Box2D\src\Box2D\Collision\Shapes\b2CircleShape.h">
      <Filter>Blocks\Box2D\src\Box2D\Collision\Shapes</Filter>
    </ClInclude>
    <ClInclude Include="..\..\..\cinder\blocks\Box2D\src\Box2D\Collision\Shapes\b2EdgeShape.h">
      <Filter>Blocks\Box2D\src\Box2D\Collision\Shapes</Filter>
    </ClInclude>
    <ClInclude Include="..\..\..\cinder\blocks\Box2D\src\Box2D\Collision\Shapes\b2PolygonShape.h">
      <Filter>Blocks\Box2D\src\Box2D\Collision\Shapes</Filter>
    </ClInclude>
    <ClInclude Include="..\..\..\cinder\blocks\Box2D\src\Box2D\Collision\Shapes\b2Shape.h">
      <Filter>Blocks\Box2D\src\Box2D\Collision\Shapes</Filter>
    </ClInclude>
    <ClCompile Include="..\..\..\cinder\blocks\Box2D\src\Box2D\Common\b2BlockAllocator.cpp">
      <Filter>Blocks\Box2D\src\Box2D\Common</Filter>
    </ClCompile>
    <ClCompile Include="..\..\..\cinder\blocks\Box2D\src\Box2D\Common\b2Draw.cpp">
      <Filter>Blocks\Box2D\src\Box2D\Common</Filter>
    </ClCompile>
    <ClCompile Include="..\..\..\cinder\blocks\Box2D\src\Box2D\Common\b2Math.cpp">
      <Filter>Blocks\Box2D\src\Box2D\Common</Filter>
    </ClCompile>
    <ClCompile Include="..\..\..\cinder\blocks\Box2D\src\Box2D\Common\b2Settings.cpp">
      <Filter>Blocks\Box2D\src\Box2D\Common</Filter>
    </ClCompile>
    <ClCompile Include="..\..\..\cinder\blocks\Box2D\src\Box2D\Common\b2StackAllocator.cpp">
      <Filter>Blocks\Box2D\src\Box2D\Common</Filter>
    </ClCompile>
    <ClCompile Include="..\..\..\cinder\blocks\Box2D\src\Box2D\Common\b2Timer.cpp">
      <Filter>Blocks\Box2D\src\Box2D\Common</Filter>
    </ClCompile>
    <ClInclude Include="..\..\..\cinder\blocks\Box2D\src\Box2D\Common\b2BlockAllocator.h">
      <Filter>Blocks\Box2D\src\Box2D\Common</Filter>
    </ClInclude>
    <ClInclude Include="..\..\..\cinder\blocks\Box2D\src\Box2D\Common\b2Draw.h">
      <Filter>Blocks\Box2D\src\Box2D\Common</Filter>
    </ClInclude>
    <ClInclude Include="..\..\..\cinder\blocks\Box2D\src\Box2D\Common\b2GrowableStack.h">
      <Filter>Blocks\Box2D\src\Box2D\Common</Filter>
    </ClInclude>
    <ClInclude Include="..\..\..\cinder\blocks\Box2D\src\Box2D\Common\b2Math.h">
      <Filter>Blocks\Box2D\src\Box2D\Common</Filter>
    </ClInclude>
    <ClInclude Include="..\..\..\cinder\blocks\Box2D\src\Box2D\Common\b2Settings.h">
      <Filter>Blocks\Box2D\src\Box2D\Common</Filter>
    </ClInclude>
    <ClInclude Include="..\..\..\cinder\blocks\Box2D\src\Box2D\Common\b2StackAllocator.h">
      <Filter>Blocks\Box2D\src\Box2D\Common</Filter>
    </ClInclude>
    <ClInclude Include="..\..\..\cinder\blocks\Box2D\src\Box2D\Common\b2Timer.h">
      <Filter>Blocks\Box2D\src\Box2D\Common</Filter>
    </ClInclude>
    <ClCompile Include="..\..\..\cinder\blocks\Box2D\src\Box2D\Dynamics\b2Body.cpp">
      <Filter>Blocks\Box2D\src\Box2D\Dynamics</Filter>
    </ClCompile>
    <ClCompile Include="..\..\..\cinder\blocks\Box2D\src\Box2D\Dynamics\b2ContactManager.cpp">
      <Filter>Blocks\Box2D\src\Box2D\Dynamics</Filter>
    </ClCompile>
    <ClCompile Include="..\..\..\cinder\blocks\Box2D\src\Box2D\Dynamics\b2Fixture.cpp">
      <Filter>Blocks\Box2D\src\Box2D\Dynamics</Filter>
    </ClCompile>
    <ClCompile Include="..\..\..\cinder\blocks\Box2D\src\Box2D\Dynamics\b2Island.cpp">
      <Filter>Blocks\Box2D\src\Box2D\Dynamics</Filter>
    </ClCompile>
    <ClCompile Include="..\..\..\cinder\blocks\Box2D\src\Box2D\Dynamics\b2World.cpp">
      <Filter>Blocks\Box2D\src\Box2D\Dynamics</Filter>
    </ClCompile>
    <ClCompile Include="..\..\..\cinder\blocks\Box2D\src\Box2D\Dynamics\b2WorldCallbacks.cpp">
      <Filter>Blocks\Box2D\src\Box2D\Dynamics</Filter>
    </ClCompile>
    <ClInclude Include="..\..\..\cinder\blocks\Box2D\src\Box2D\Dynamics\b2Body.h">
      <Filter>Blocks\Box2D\src\Box2D\Dynamics</Filter>
    </ClInclude>
    <ClInclude Include="..\..\..\cinder\blocks\Box2D\src\Box2D\Dynamics\b2ContactManager.h">
      <Filter>Blocks\Box2D\src\Box2D\Dynamics</Filter>
    </ClInclude>
    <ClInclude Include="..\..\..\cinder\blocks\Box2D\src\Box2D\Dynamics\b2Fixture.h">
      <Filter>Blocks\Box2D\src\Box2D\Dynamics</Filter>
    </ClInclude>
    <ClInclude Include="..\..\..\cinder\blocks\Box2D\src\Box2D\Dynamics\b2Island.h">
      <Filter>Blocks\Box2D\src\Box2D\Dynamics</Filter>
    </ClInclude>
    <ClInclude Include="..\..\..\cinder\blocks\Box2D\src\Box2D\Dynamics\b2TimeStep.h">
      <Filter>Blocks\Box2D\src\Box2D\Dynamics</Filter>
    </ClInclude>
    <ClInclude Include="..\..\..\cinder\blocks\Box2D\src\Box2D\Dynamics\b2World.h">
      <Filter>Blocks\Box2D\src\Box2D\Dynamics</Filter>
    </ClInclude>
    <ClInclude Include="..\..\..\cinder\blocks\Box2D\src\Box2D\Dynamics\b2WorldCallbacks.h">
      <Filter>Blocks\Box2D\src\Box2D\Dynamics</Filter>
    </ClInclude>
    <ClCompile Include="..\..\..\cinder\blocks\Box2D\src\Box2D\Dynamics\Contacts\b2ChainAndCircleContact.cpp">
      <Filter>Blocks\Box2D\src\Box2D\Dynamics\Contacts</Filter>
    </ClCompile>
    <ClCompile Include="..\..\..\cinder\blocks\Box2D\src\Box2D\Dynamics\Contacts\b2ChainAndPolygonContact.cpp">
      <Filter>Blocks\Box2D\src\Box2D\Dynamics\Contacts</Filter>
    </ClCompile>
    <ClCompile Include="..\..\..\cinder\blocks\Box2D\src\Box2D\Dynamics\Contacts\b2CircleContact.cpp">
      <Filter>Blocks\Box2D\src\Box2D\Dynamics\Contacts</Filter>
    </ClCompile>
    <ClCompile Include="..\..\..\cinder\blocks\Box2D\src\Box2D\Dynamics\Contacts\b2Contact.cpp">
      <Filter>Blocks\Box2D\src\Box2D\Dynamics\Contacts</Filter>
    </ClCompile>
    <ClCompile Include="..\..\..\cinder\blocks\Box2D\src\Box2D\Dynamics\Contacts\b2ContactSolver.cpp">
      <Filter>Blocks\Box2D\src\Box2D\Dynamics\Contacts</Filter>
    </ClCompile>
    <ClCompile Include="..\..\..\cinder\blocks\Box2D\src\Box2D\Dynamics\Contacts\b2EdgeAndCircleContact.cpp">
      <Filter>Blocks\Box2D\src\Box2D\Dynamics\Contacts</Filter>
    </ClCompile>
    <ClCompile Include="..\..\..\cinder\blocks\Box2D\src\Box2D\Dynamics\Contacts\b2EdgeAndPolygonContact.cpp">
      <Filter>Blocks\Box2D\src\Box2D\Dynamics\Contacts</Filter>
    </ClCompile>
    <ClCompile Include="..\..\..\cinder\blocks\Box2D\src\Box2D\Dynamics\Contacts\b2PolygonAndCircleContact.cpp">
      <Filter>Blocks\Box2D\src\Box2D\Dynamics\Contacts</Filter>
    </ClCompile>
    <ClCompile Include="..\..\..\cinder\blocks\Box2D\src\Box2D\Dynamics\Contacts\b2PolygonContact.cpp">
      <Filter>Blocks\Box2D\src\Box2D\Dynamics\Contacts</Filter>
    </ClCompile>
    <ClInclude Include="..\..\..\cinder\blocks\Box2D\src\Box2D\Dynamics\Contacts\b2ChainAndCircleContact.h">
      <Filter>Blocks\Box2D\src\Box2D\Dynamics\Contacts</Filter>
    </ClInclude>
    <ClInclude Include="..\..\..\cinder\blocks\Box2D\src\Box2D\Dynamics\Contacts\b2ChainAndPolygonContact.h">
      <Filter>Blocks\Box2D\src\Box2D\Dynamics\Contacts</Filter>
    </ClInclude>
    <ClInclude Include="..\..\..\cinder\blocks\Box2D\src\Box2D\Dynamics\Contacts\b2CircleContact.h">
      <Filter>Blocks\Box2D\src\Box2D\Dynamics\Contacts</Filter>
    </ClInclude>
    <ClInclude Include="..\..\..\cinder\blocks\Box2D\src\Box2D\Dynamics\Contacts\b2Contact.h">
      <Filter>Blocks\Box2D\src\Box2D\Dynamics\Contacts</Filter>
    </ClInclude>
    <ClInclude Include="..\..\..\cinder\blocks\Box2D\src\Box2D\Dynamics\Contacts\b2ContactSolver.h">
      <Filter>Blocks\Box2D\src\Box2D\Dynamics\Contacts</Filter>
    </ClInclude>
    <ClInclude Include="..\..\..\cinder\blocks\Box2D\src\Box2D\Dynamics\Contacts\b2EdgeAndCircleContact.h">
      <Filter>Blocks\Box2D\src\Box2D\Dynamics\Contacts</Filter>
    </ClInclude>
    <ClInclude Include="..\..\..\cinder\blocks\Box2D\src\Box2D\Dynamics\Contacts\b2EdgeAndPolygonContact.h">
      <Filter>Blocks\Box2D\src\Box2D\Dynamics\Contacts</Filter>
    </ClInclude>
    <ClInclude Include="..\..\..\cinder\blocks\Box2D\src\Box2D\Dynamics\Contacts\b2PolygonAndCircleContact.h">
      <Filter>Blocks\Box2D\src\Box2D\Dynamics\Contacts</Filter>
    </ClInclude>
    <ClInclude Include="..\..\..\cinder\blocks\Box2D\src\Box2D\Dynamics\Contacts\b2PolygonContact.h">
      <Filter>Blocks\Box2D\src\Box2D\Dynamics\Contacts</Filter>
    </ClInclude>
    <ClCompile Include="..\..\..\cinder\blocks\Box2D\src\Box2D\Dynamics\Joints\b2DistanceJoint.cpp">
      <Filter>Blocks\Box2D\src\Box2D\Dynamics\Joints</Filter>
    </ClCompile>
    <ClCompile Include="..\..\..\cinder\blocks\Box2D\src\Box2D\Dynamics\Joints\b2FrictionJoint.cpp">
      <Filter>Blocks\Box2D\src\Box2D\Dynamics\Joints</Filter>
    </ClCompile>
    <ClCompile Include="..\..\..\cinder\blocks\Box2D\src\Box2D\Dynamics\Joints\b2GearJoint.cpp">
      <Filter>Blocks\Box2D\src\Box2D\Dynamics\Joints</Filter>
    </ClCompile>
    <ClCompile Include="..\..\..\cinder\blocks\Box2D\src\Box2D\Dynamics\Joints\b2Joint.cpp">
      <Filter>Blocks\Box2D\src\Box2D\Dynamics\Joints</Filter>
    </ClCompile>
    <ClCompile Include="..\..\..\cinder\blocks\Box2D\src\Box2D\Dynamics\Joints\b2MouseJoint.cpp">
      <Filter>Blocks\Box2D\src\Box2D\Dynamics\Joints</Filter>
    </ClCompile>
    <ClCompile Include="..\..\..\cinder\blocks\Box2D\src\Box2D\Dynamics\Joints\b2PrismaticJoint.cpp">
      <Filter>Blocks\Box2D\src\Box2D\Dynamics\Joints</Filter>
    </ClCompile>
    <ClCompile Include="..\..\..\cinder\blocks\Box2D\src\Box2D\Dynamics\Joints\b2PulleyJoint.cpp">
      <Filter>Blocks\Box2D\src\Box2D\Dynamics\Joints</Filter>
    </ClCompile>
    <ClCompile Include="..\..\..\cinder\blocks\Box2D\src\Box2D\Dynamics\Joints\b2RevoluteJoint.cpp">
      <Filter>Blocks\Box2D\src\Box2D\Dynamics\Joints</Filter>
    </ClCompile>
    <ClCompile Include="..\..\..\cinder\blocks\Box2D\src\Box2D\Dynamics\Joints\b2RopeJoint.cpp">
      <Filter>Blocks\Box2D\src\Box2D\Dynamics\Joints</Filter>
    </ClCompile>
    <ClCompile Include="..\..\..\cinder\blocks\Box2D\src\Box2D\Dynamics\Joints\b2WeldJoint.cpp">
      <Filter>Blocks\Box2D\src\Box2D\Dynamics\Joints</Filter>
    </ClCompile>
    <ClCompile Include="..\..\..\cinder\blocks\Box2D\src\Box2D\Dynamics\Joints\b2WheelJoint.cpp">
      <Filter>Blocks\Box2D\src\Box2D\Dynamics\Joints</Filter>
    </ClCompile>
    <ClInclude Include="..\..\..\cinder\blocks\Box2D\src\Box2D\Dynamics\Joints\b2DistanceJoint.h">
      <Filter>Blocks\Box2D\src\Box2D\Dynamics\Joints</Filter>
    </ClInclude>
    <ClInclude Include="..\..\..\cinder\blocks\Box2D\src\Box2D\Dynamics\Joints\b2FrictionJoint.h">
      <Filter>Blocks\Box2D\src\Box2D\Dynamics\Joints</Filter>
    </ClInclude>
    <ClInclude Include="..\..\..\cinder\blocks\Box2D\src\Box2D\Dynamics\Joints\b2GearJoint.h">
      <Filter>Blocks\Box2D\src\Box2D\Dynamics\Joints</Filter>
    </ClInclude>
    <ClInclude Include="..\..\..\cinder\blocks\Box2D\src\Box2D\Dynamics\Joints\b2Joint.h">
      <Filter>Blocks\Box2D\src\Box2D\Dynamics\Joints</Filter>
    </ClInclude>
    <ClInclude Include="..\..\..\cinder\blocks\Box2D\src\Box2D\Dynamics\Joints\b2MouseJoint.h">
      <Filter>Blocks\Box2D\src\Box2D\Dynamics\Joints</Filter>
    </ClInclude>
    <ClInclude Include="..\..\..\cinder\blocks\Box2D\src\Box2D\Dynamics\Joints\b2PrismaticJoint.h">
      <Filter>Blocks\Box2D\src\Box2D\Dynamics\Joints</Filter>
    </ClInclude>
    <ClInclude Include="..\..\..\cinder\blocks\Box2D\src\Box2D\Dynamics\Joints\b2PulleyJoint.h">
      <Filter>Blocks\Box2D\src\Box2D\Dynamics\Joints</Filter>
    </ClInclude>
    <ClInclude Include="..\..\..\cinder\blocks\Box2D\src\Box2D\Dynamics\Joints\b2RevoluteJoint.h">
      <Filter>Blocks\Box2D\src\Box2D\Dynamics\Joints</Filter>
    </ClInclude>
    <ClInclude Include="..\..\..\cinder\blocks\Box2D\src\Box2D\Dynamics\Joints\b2RopeJoint.h">
      <Filter>Blocks\Box2D\src\Box2D\Dynamics\Joints</Filter>
    </ClInclude>
    <ClInclude Include="..\..\..\cinder\blocks\Box2D\src\Box2D\Dynamics\Joints\b2WeldJoint.h">
      <Filter>Blocks\Box2D\src\Box2D\Dynamics\Joints</Filter>
    </ClInclude>
    <ClInclude Include="..\..\..\cinder\blocks\Box2D\src\Box2D\Dynamics\Joints\b2WheelJoint.h">
      <Filter>Blocks\Box2D\src\Box2D\Dynamics\Joints</Filter>
    </ClInclude>
    <ClCompile Include="..\..\..\cinder\blocks\Box2D\src\Box2D\Rope\b2Rope.cpp">
      <Filter>Blocks\Box2D\src\Box2D\Rope</Filter>
    </ClCompile>
    <ClInclude Include="..\..\..\cinder\blocks\Box2D\src\Box2D\Rope\b2Rope.h">
      <Filter>Blocks\Box2D\src\Box2D\Rope</Filter>
    </ClInclude>
    <ClInclude Include="..\..\..\cinder\blocks\Box2D\src\Box2D\Box2d.h">
      <Filter>Blocks\Box2D\src\Box2D</Filter>
    </ClInclude>
    <ClCompile Include="..\..\CinderGraphicsLib\src\ParticleSystem.cpp">
      <Filter>Blocks\Mine\src</Filter>
    </ClCompile>
    <ClCompile Include="..\..\CinderGraphicsLib\src\Emitter.cpp">
      <Filter>Blocks\Mine\src</Filter>
    </ClCompile>
    <ClCompile Include="..\..\CinderGraphicsLib\src\Particle.cpp">
      <Filter>Blocks\Mine\src</Filter>
    </ClCompile>
    <ClCompile Include="..\..\CinderGraphicsLib\src\SpriteDataParser.cpp">
      <Filter>Blocks\Mine\src</Filter>
    </ClCompile>
    <ClCompile Include="..\..\CinderGraphicsLib\src\MovingCamera.cpp">
      <Filter>Blocks\Mine\src</Filter>
    </ClCompile>
    <ClCompile Include="..\..\CinderGraphicsLib\src\ParticleSystemHelper.cpp">
      <Filter>Blocks\Mine\src</Filter>
    </ClCompile>
    <ClCompile Include="..\..\CinderGraphicsLib\src\ImageLibrary.cpp">
      <Filter>Blocks\Mine\src</Filter>
    </ClCompile>
    <ClCompile Include="..\src\EnemyBot.cpp">
      <Filter>Source Files\enemies</Filter>
    </ClCompile>
    <ClCompile Include="..\src\Vessel.cpp">
      <Filter>Source Files\vessels</Filter>
    </ClCompile>
    <ClCompile Include="..\src\World.cpp">
      <Filter>Source Files\world</Filter>
    </ClCompile>
    <ClCompile Include="..\src\ModelLibrary.cpp">
      <Filter>Source Files\world</Filter>
    </ClCompile>
    <ClCompile Include="..\src\ContactListener.cpp">
      <Filter>Source Files\world</Filter>
    </ClCompile>
    <ClCompile Include="..\src\Protagonist.cpp">
      <Filter>Source Files\vessels</Filter>
    </ClCompile>
    <ClCompile Include="..\src\Weapon.cpp">
      <Filter>Source Files\vessels</Filter>
    </ClCompile>
    <ClCompile Include="..\src\EnemyArrow.cpp">
      <Filter>Source Files\enemies</Filter>
    </ClCompile>
    <ClCompile Include="..\src\Parallax.cpp">
      <Filter>Source Files\world</Filter>
    </ClCompile>
  </ItemGroup>
  <ItemGroup>
    <ClInclude Include="..\include\Resources.h">
      <Filter>Header Files</Filter>
    </ClInclude>
    <ClInclude Include="..\..\..\cinder\blocks\MotionManager\src\cinder\MotionImplCoreMotion.h">
      <Filter>Blocks\MotionManager\src</Filter>
    </ClInclude>
    <ClInclude Include="..\..\..\cinder\blocks\MotionManager\src\cinder\MotionManager.h">
      <Filter>Blocks\MotionManager\src</Filter>
    </ClInclude>
    <ClInclude Include="..\..\CinderGraphicsLib\include\AreaEmitter.h">
      <Filter>Blocks\Mine\include</Filter>
    </ClInclude>
    <ClInclude Include="..\..\CinderGraphicsLib\include\ImageEmitter.h">
      <Filter>Blocks\Mine\include</Filter>
    </ClInclude>
    <ClInclude Include="..\..\CinderGraphicsLib\include\ColorModifier.h">
      <Filter>Blocks\Mine\include</Filter>
    </ClInclude>
    <ClInclude Include="..\..\CinderGraphicsLib\include\CommonModifier.h">
      <Filter>Blocks\Mine\include</Filter>
    </ClInclude>
    <ClInclude Include="..\..\CinderGraphicsLib\include\Emitter.h">
      <Filter>Blocks\Mine\include</Filter>
    </ClInclude>
    <ClInclude Include="..\..\CinderGraphicsLib\include\PointGravityModifier.h">
      <Filter>Blocks\Mine\include</Filter>
    </ClInclude>
    <ClInclude Include="..\..\CinderGraphicsLib\include\PointEmitter.h">
      <Filter>Blocks\Mine\include</Filter>
    </ClInclude>
    <ClInclude Include="..\..\CinderGraphicsLib\include\VideoEmitter.h">
      <Filter>Blocks\Mine\include</Filter>
    </ClInclude>
    <ClInclude Include="..\..\CinderGraphicsLib\include\VortexModifier.h">
      <Filter>Blocks\Mine\include</Filter>
    </ClInclude>
    <ClInclude Include="..\..\CinderGraphicsLib\include\SpriteDataParser.h">
      <Filter>Blocks\Mine\include</Filter>
    </ClInclude>
    <ClInclude Include="..\src\SpacewarsApp.h">
      <Filter>Source Files</Filter>
    </ClInclude>
    <ClInclude Include="..\..\CinderGraphicsLib\include\ParticleSystemHelper.h">
      <Filter>Blocks\Mine\include</Filter>
    </ClInclude>
    <ClInclude Include="..\..\CinderGraphicsLib\include\ImageLibrary.h">
      <Filter>Blocks\Mine\include</Filter>
    </ClInclude>
    <ClInclude Include="..\..\CinderGraphicsLib\include\ParticleSystemManager.h">
      <Filter>Blocks\Mine\include</Filter>
    </ClInclude>
    <ClInclude Include="..\src\EnemyBot.h">
      <Filter>Source Files\enemies</Filter>
    </ClInclude>
    <ClInclude Include="..\src\Vessel.h">
      <Filter>Source Files\vessels</Filter>
    </ClInclude>
    <ClInclude Include="..\src\World.h">
      <Filter>Source Files\world</Filter>
    </ClInclude>
    <ClInclude Include="..\src\ModelLibrary.h">
      <Filter>Source Files\world</Filter>
    </ClInclude>
    <ClInclude Include="..\src\Collider.h">
      <Filter>Source Files\world</Filter>
    </ClInclude>
    <ClInclude Include="..\src\Conversions.h">
      <Filter>Source Files\world</Filter>
    </ClInclude>
    <ClInclude Include="..\src\ContactListener.h">
      <Filter>Source Files\world</Filter>
    </ClInclude>
    <ClInclude Include="..\src\PositionAndAngle.h">
      <Filter>Source Files\world</Filter>
    </ClInclude>
    <ClInclude Include="..\src\Protagonist.h">
      <Filter>Source Files\vessels</Filter>
    </ClInclude>
    <ClInclude Include="..\src\Weapon.h">
      <Filter>Source Files\vessels</Filter>
    </ClInclude>
    <ClInclude Include="..\..\CinderGraphicsLib\include\DampingModifier.h">
      <Filter>Blocks\Mine\include</Filter>
    </ClInclude>
    <ClInclude Include="..\src\EnemyArrow.h">
      <Filter>Source Files\enemies</Filter>
    </ClInclude>
    <ClInclude Include="..\src\Parallax.h">
      <Filter>Source Files\world</Filter>
    </ClInclude>
    <ClInclude Include="..\..\CinderGraphicsLib\include\MovingCamera.h">
      <Filter>Blocks\Mine\include</Filter>
    </ClInclude>
    <ClInclude Include="..\src\AudioLibrary.h">
      <Filter>Source Files\world</Filter>
    </ClInclude>
  </ItemGroup>
  <ItemGroup>
    <ResourceCompile Include="Resources.rc">
      <Filter>Resource Files</Filter>
    </ResourceCompile>
  </ItemGroup>
</Project>