<?xml version="1.0" encoding="utf-8"?>
<Project ToolsVersion="4.0" xmlns="http://schemas.microsoft.com/developer/msbuild/2003">
  <ItemGroup>
    <ClCompile Include="..\src\BoundingBox.cpp">
      <Filter>Source Files\CollisionDetection</Filter>
    </ClCompile>
    <ClCompile Include="..\src\BoundingGeometry.cpp">
      <Filter>Source Files\CollisionDetection</Filter>
    </ClCompile>
    <ClCompile Include="..\src\BoundingPlane.cpp">
      <Filter>Source Files\CollisionDetection</Filter>
    </ClCompile>
    <ClCompile Include="..\src\BoundingSphere.cpp">
      <Filter>Source Files\CollisionDetection</Filter>
    </ClCompile>
    <ClCompile Include="..\src\DynamicObject.cpp">
      <Filter>Source Files\Physics</Filter>
    </ClCompile>
    <ClCompile Include="..\src\PhysicsEngine.cpp">
      <Filter>Source Files\Physics</Filter>
    </ClCompile>
    <ClCompile Include="..\src\PhysicsObject.cpp">
      <Filter>Source Files\Physics</Filter>
    </ClCompile>
    <ClCompile Include="..\src\StaticObject.cpp">
      <Filter>Source Files\Physics</Filter>
    </ClCompile>
    <ClCompile Include="..\src\CollisionDetection.cpp">
      <Filter>Source Files\CollisionDetection</Filter>
    </ClCompile>
    <ClCompile Include="..\src\PhysicsCubeApp.cpp">
      <Filter>Source Files</Filter>
    </ClCompile>
  </ItemGroup>
  <ItemGroup>
    <ClInclude Include="..\src\CollisionDetection.h">
      <Filter>Source Files\CollisionDetection</Filter>
    </ClInclude>
    <ClInclude Include="..\src\BoundingBox.h">
      <Filter>Source Files\CollisionDetection</Filter>
    </ClInclude>
    <ClInclude Include="..\src\BoundingGeometry.h">
      <Filter>Source Files\CollisionDetection</Filter>
    </ClInclude>
    <ClInclude Include="..\src\BoundingPlane.h">
      <Filter>Source Files\CollisionDetection</Filter>
    </ClInclude>
    <ClInclude Include="..\src\BoundingSphere.h">
      <Filter>Source Files\CollisionDetection</Filter>
    </ClInclude>
    <ClInclude Include="..\src\DynamicObject.h">
      <Filter>Source Files\Physics</Filter>
    </ClInclude>
    <ClInclude Include="..\src\PhysicsEngine.h">
      <Filter>Source Files\Physics</Filter>
    </ClInclude>
    <ClInclude Include="..\src\PhysicsObject.h">
      <Filter>Source Files\Physics</Filter>
    </ClInclude>
    <ClInclude Include="..\include\Resources.h">
      <Filter>Resource Files</Filter>
    </ClInclude>
    <ClInclude Include="..\src\StaticObject.h">
      <Filter>Source Files\Physics</Filter>
    </ClInclude>
  </ItemGroup>
  <ItemGroup>
    <Filter Include="Resource Files">
      <UniqueIdentifier>{829310c0-56b7-4dc2-8537-5b5c0ff901cb}</UniqueIdentifier>
    </Filter>
    <Filter Include="Source Files">
      <UniqueIdentifier>{1659fda4-d33b-4f1c-90e8-37cab9e9850d}</UniqueIdentifier>
    </Filter>
    <Filter Include="Source Files\CollisionDetection">
      <UniqueIdentifier>{5c585b10-ff4b-4ee7-98ad-6b88ad3d55b4}</UniqueIdentifier>
    </Filter>
    <Filter Include="Source Files\Physics">
      <UniqueIdentifier>{af2e8be7-06bb-448e-ac50-aeea949e967b}</UniqueIdentifier>
    </Filter>
  </ItemGroup>
  <ItemGroup>
    <ResourceCompile Include="Resources.rc">
      <Filter>Resource Files</Filter>
    </ResourceCompile>
  </ItemGroup>
</Project>